// !$*UTF8*$!
{
	archiveVersion = 1;
	classes = {
	};
	objectVersion = 56;
	objects = {

/* Begin PBXBuildFile section */
		C65436FF2A7E475A00C304B4 /* NineGridViewController.swift in Sources */ = {isa = PBXBuildFile; fileRef = C65436FE2A7E475A00C304B4 /* NineGridViewController.swift */; };
		C65437012A7E7C8F00C304B4 /* NineGridFlowLayout.swift in Sources */ = {isa = PBXBuildFile; fileRef = C65437002A7E7C8F00C304B4 /* NineGridFlowLayout.swift */; };
		C65437032A7FC74000C304B4 /* SectionBackgroundReusableView.swift in Sources */ = {isa = PBXBuildFile; fileRef = C65437022A7FC74000C304B4 /* SectionBackgroundReusableView.swift */; };
		C65437052A8080E800C304B4 /* SectionDecorationLayout.swift in Sources */ = {isa = PBXBuildFile; fileRef = C65437042A8080E800C304B4 /* SectionDecorationLayout.swift */; };
		C65437072A80811B00C304B4 /* SessionBackImageSectionViewController.swift in Sources */ = {isa = PBXBuildFile; fileRef = C65437062A80811B00C304B4 /* SessionBackImageSectionViewController.swift */; };
		C654370C2A80829D00C304B4 /* ContentCell.swift in Sources */ = {isa = PBXBuildFile; fileRef = C654370B2A80829D00C304B4 /* ContentCell.swift */; };
		C654370E2A80844700C304B4 /* Then.swift in Sources */ = {isa = PBXBuildFile; fileRef = C654370D2A80844700C304B4 /* Then.swift */; };
		C65437102A80D90800C304B4 /* ImageReusableView.swift in Sources */ = {isa = PBXBuildFile; fileRef = C654370F2A80D90800C304B4 /* ImageReusableView.swift */; };
		C65437132A82043000C304B4 /* WaterflowCollectionViewController.swift in Sources */ = {isa = PBXBuildFile; fileRef = C65437122A82043000C304B4 /* WaterflowCollectionViewController.swift */; };
		C67C41852CED735B00DE4723 /* StringTool.swift in Sources */ = {isa = PBXBuildFile; fileRef = C67C41842CED735B00DE4723 /* StringTool.swift */; };
		C67C41862CED735B00DE4723 /* ExtensionCompatible.swift in Sources */ = {isa = PBXBuildFile; fileRef = C67C41832CED735B00DE4723 /* ExtensionCompatible.swift */; };
		C67C41892CED746C00DE4723 /* TypeJudge.swift in Sources */ = {isa = PBXBuildFile; fileRef = C67C41872CED746C00DE4723 /* TypeJudge.swift */; };
		C67C418A2CED746C00DE4723 /* UIColorTool.swift in Sources */ = {isa = PBXBuildFile; fileRef = C67C41882CED746C00DE4723 /* UIColorTool.swift */; };
		C67C418D2CED766C00DE4723 /* POPViewController.swift in Sources */ = {isa = PBXBuildFile; fileRef = C67C418C2CED766C00DE4723 /* POPViewController.swift */; };
		C67C41902CEE28C500DE4723 /* ReactiveProgrammingViewController.swift in Sources */ = {isa = PBXBuildFile; fileRef = C67C418F2CEE28C500DE4723 /* ReactiveProgrammingViewController.swift */; };
		C68CB6FD2CE7B367009F8A6A /* Mems.swift in Sources */ = {isa = PBXBuildFile; fileRef = C68CB6FC2CE7B367009F8A6A /* Mems.swift */; };
		C68CB6FF2CE7B3EB009F8A6A /* WS_Async.swift in Sources */ = {isa = PBXBuildFile; fileRef = C68CB6FE2CE7B3EB009F8A6A /* WS_Async.swift */; };
		C68CB7012CE83119009F8A6A /* Singleton.swift in Sources */ = {isa = PBXBuildFile; fileRef = C68CB7002CE83119009F8A6A /* Singleton.swift */; };
		C68CB74D2CE83A24009F8A6A /* WS_Person.m in Sources */ = {isa = PBXBuildFile; fileRef = C68CB74C2CE83A23009F8A6A /* WS_Person.m */; };
		C68CB74F2CE83B2C009F8A6A /* Swift_Call_OC_ViewController.swift in Sources */ = {isa = PBXBuildFile; fileRef = C68CB74E2CE83B2C009F8A6A /* Swift_Call_OC_ViewController.swift */; };
		C68CB7512CE83D47009F8A6A /* Car.swift in Sources */ = {isa = PBXBuildFile; fileRef = C68CB7502CE83D47009F8A6A /* Car.swift */; };
		C68CB7542CE83FE9009F8A6A /* MultithreadingViewController.swift in Sources */ = {isa = PBXBuildFile; fileRef = C68CB7532CE83FE9009F8A6A /* MultithreadingViewController.swift */; };
		C68CB75A2CE8564A009F8A6A /* OC_Call_Swift_ViewController.m in Sources */ = {isa = PBXBuildFile; fileRef = C68CB7592CE8564A009F8A6A /* OC_Call_Swift_ViewController.m */; };
		C68CB7602CE99F41009F8A6A /* AssertsManager.swift in Sources */ = {isa = PBXBuildFile; fileRef = C68CB75F2CE99F41009F8A6A /* AssertsManager.swift */; };
		C68CB7622CE9A5B1009F8A6A /* WS_Cache.swift in Sources */ = {isa = PBXBuildFile; fileRef = C68CB7612CE9A5B1009F8A6A /* WS_Cache.swift */; };
		C68CB7692CEB7CDF009F8A6A /* FuntionalProgrammingViewController.swift in Sources */ = {isa = PBXBuildFile; fileRef = C68CB7682CEB7CDF009F8A6A /* FuntionalProgrammingViewController.swift */; };
		C68CB76E2CECE0C1009F8A6A /* WS_TabBar.swift in Sources */ = {isa = PBXBuildFile; fileRef = C68CB76D2CECE0C1009F8A6A /* WS_TabBar.swift */; };
		C6B519852CEF261300794CF1 /* ReactiveProgrammingViewController.xib in Resources */ = {isa = PBXBuildFile; fileRef = C6B519842CEF261300794CF1 /* ReactiveProgrammingViewController.xib */; };
		C6B57FEE2CF087FA00794CF1 /* MirrorViewController.swift in Sources */ = {isa = PBXBuildFile; fileRef = C6B57FED2CF087FA00794CF1 /* MirrorViewController.swift */; };
		C6B8C4E72A89ED8A0080F9B4 /* Table_ObjectMapper_Moya.swift in Sources */ = {isa = PBXBuildFile; fileRef = C6B8C4E62A89ED8A0080F9B4 /* Table_ObjectMapper_Moya.swift */; };
		C6C5CE752A745BD300C5CF02 /* AppDelegate.swift in Sources */ = {isa = PBXBuildFile; fileRef = C6C5CE742A745BD300C5CF02 /* AppDelegate.swift */; };
		C6C5CE7E2A745BD400C5CF02 /* Assets.xcassets in Resources */ = {isa = PBXBuildFile; fileRef = C6C5CE7D2A745BD400C5CF02 /* Assets.xcassets */; };
		C6C5CE812A745BD400C5CF02 /* LaunchScreen.storyboard in Resources */ = {isa = PBXBuildFile; fileRef = C6C5CE7F2A745BD400C5CF02 /* LaunchScreen.storyboard */; };
		C6C5CE8C2A745BD400C5CF02 /* Swift_BaseTests.swift in Sources */ = {isa = PBXBuildFile; fileRef = C6C5CE8B2A745BD400C5CF02 /* Swift_BaseTests.swift */; };
		C6C5CE962A745BD400C5CF02 /* Swift_BaseUITests.swift in Sources */ = {isa = PBXBuildFile; fileRef = C6C5CE952A745BD400C5CF02 /* Swift_BaseUITests.swift */; };
		C6C5CE982A745BD400C5CF02 /* Swift_BaseUITestsLaunchTests.swift in Sources */ = {isa = PBXBuildFile; fileRef = C6C5CE972A745BD400C5CF02 /* Swift_BaseUITestsLaunchTests.swift */; };
		C6C5CEA52A745D8B00C5CF02 /* RootViewController.swift in Sources */ = {isa = PBXBuildFile; fileRef = C6C5CEA42A745D8B00C5CF02 /* RootViewController.swift */; };
		C6C5CEA82A745E4700C5CF02 /* LaunchImage_1.png in Resources */ = {isa = PBXBuildFile; fileRef = C6C5CEA72A745E4700C5CF02 /* LaunchImage_1.png */; };
		C6C5CEB12A74C73200C5CF02 /* RDLog.swift in Sources */ = {isa = PBXBuildFile; fileRef = C6C5CEB02A74C73200C5CF02 /* RDLog.swift */; };
		C6C5CEB32A74E11900C5CF02 /* UIWindow+Extension.swift in Sources */ = {isa = PBXBuildFile; fileRef = C6C5CEB22A74E11900C5CF02 /* UIWindow+Extension.swift */; };
		C6C5CEB52A74E2D000C5CF02 /* Toast.swift in Sources */ = {isa = PBXBuildFile; fileRef = C6C5CEB42A74E2D000C5CF02 /* Toast.swift */; };
		C6C5CEB82A758A2100C5CF02 /* FrameMacro.swift in Sources */ = {isa = PBXBuildFile; fileRef = C6C5CEB72A758A2100C5CF02 /* FrameMacro.swift */; };
		C6C5CEBA2A75CC5000C5CF02 /* DeviceInfo.swift in Sources */ = {isa = PBXBuildFile; fileRef = C6C5CEB92A75CC5000C5CF02 /* DeviceInfo.swift */; };
		C6C5CEBC2A75D1D200C5CF02 /* GlobalConfig.swift in Sources */ = {isa = PBXBuildFile; fileRef = C6C5CEBB2A75D1D200C5CF02 /* GlobalConfig.swift */; };
		C6C5CEBE2A75D2E300C5CF02 /* ConfigFontColorMacro.swift in Sources */ = {isa = PBXBuildFile; fileRef = C6C5CEBD2A75D2E300C5CF02 /* ConfigFontColorMacro.swift */; };
		C6C5CEC12A75D42900C5CF02 /* UIColor+DarkColor.swift in Sources */ = {isa = PBXBuildFile; fileRef = C6C5CEC02A75D42900C5CF02 /* UIColor+DarkColor.swift */; };
		C6C5CEC32A75D46E00C5CF02 /* UIColor+Extension.swift in Sources */ = {isa = PBXBuildFile; fileRef = C6C5CEC22A75D46E00C5CF02 /* UIColor+Extension.swift */; };
		C6C5CEC52A75D52600C5CF02 /* UIImage+DarkImage.swift in Sources */ = {isa = PBXBuildFile; fileRef = C6C5CEC42A75D52600C5CF02 /* UIImage+DarkImage.swift */; };
		C6C5CEC72A75D5DC00C5CF02 /* UIView+Extension.swift in Sources */ = {isa = PBXBuildFile; fileRef = C6C5CEC62A75D5DC00C5CF02 /* UIView+Extension.swift */; };
		C6C5CEC92A75D61100C5CF02 /* UIBarButtonItem+Extension.swift in Sources */ = {isa = PBXBuildFile; fileRef = C6C5CEC82A75D61100C5CF02 /* UIBarButtonItem+Extension.swift */; };
		C6C5CECB2A75D65200C5CF02 /* UIImage+Extension.swift in Sources */ = {isa = PBXBuildFile; fileRef = C6C5CECA2A75D65200C5CF02 /* UIImage+Extension.swift */; };
		C6C5CECD2A75D67800C5CF02 /* UITableView+Extension.swift in Sources */ = {isa = PBXBuildFile; fileRef = C6C5CECC2A75D67800C5CF02 /* UITableView+Extension.swift */; };
		C6C5CED02A75D73200C5CF02 /* NSString+Extension.swift in Sources */ = {isa = PBXBuildFile; fileRef = C6C5CECF2A75D73200C5CF02 /* NSString+Extension.swift */; };
		C6C5CED52A75D84F00C5CF02 /* MBProgressHUD+Extension.swift in Sources */ = {isa = PBXBuildFile; fileRef = C6C5CED42A75D84F00C5CF02 /* MBProgressHUD+Extension.swift */; };
		C6C5CED82A75D89500C5CF02 /* ConstraintArray+Extensions.swift in Sources */ = {isa = PBXBuildFile; fileRef = C6C5CED62A75D89500C5CF02 /* ConstraintArray+Extensions.swift */; };
		C6C5CED92A75D89600C5CF02 /* ConstraintArrayDSL.swift in Sources */ = {isa = PBXBuildFile; fileRef = C6C5CED72A75D89500C5CF02 /* ConstraintArrayDSL.swift */; };
		C6C5CEDC2A76055F00C5CF02 /* String+Extension.swift in Sources */ = {isa = PBXBuildFile; fileRef = C6C5CEDB2A76055F00C5CF02 /* String+Extension.swift */; };
		C6C5CEE02A76958000C5CF02 /* AppDelegate+Extension.swift in Sources */ = {isa = PBXBuildFile; fileRef = C6C5CEDF2A76958000C5CF02 /* AppDelegate+Extension.swift */; };
		C6C5CEE32A76A5A200C5CF02 /* SystemAlertTool.swift in Sources */ = {isa = PBXBuildFile; fileRef = C6C5CEE22A76A5A200C5CF02 /* SystemAlertTool.swift */; };
		C6C5CEE62A76A82000C5CF02 /* JsonUtils.swift in Sources */ = {isa = PBXBuildFile; fileRef = C6C5CEE52A76A82000C5CF02 /* JsonUtils.swift */; };
		C6C5CEE92A76A8D700C5CF02 /* BaseModel.swift in Sources */ = {isa = PBXBuildFile; fileRef = C6C5CEE82A76A8D700C5CF02 /* BaseModel.swift */; };
		C6C5CEEB2A76A9D300C5CF02 /* JsonTool.swift in Sources */ = {isa = PBXBuildFile; fileRef = C6C5CEEA2A76A9D300C5CF02 /* JsonTool.swift */; };
		C6C5CEEE2A76AA2D00C5CF02 /* FileManagerTool.swift in Sources */ = {isa = PBXBuildFile; fileRef = C6C5CEED2A76AA2D00C5CF02 /* FileManagerTool.swift */; };
		C6C5CEF02A76AA6600C5CF02 /* CommonTool.swift in Sources */ = {isa = PBXBuildFile; fileRef = C6C5CEEF2A76AA6600C5CF02 /* CommonTool.swift */; };
		C6C5CEF22A76AA8E00C5CF02 /* ReachabilityTool.swift in Sources */ = {isa = PBXBuildFile; fileRef = C6C5CEF12A76AA8E00C5CF02 /* ReachabilityTool.swift */; };
		C6C5CF062A76DBF200C5CF02 /* YYWeakProxy.m in Sources */ = {isa = PBXBuildFile; fileRef = C6C5CF022A76DBF100C5CF02 /* YYWeakProxy.m */; };
		C6C5CF072A76DBF200C5CF02 /* FPSLabel.m in Sources */ = {isa = PBXBuildFile; fileRef = C6C5CF052A76DBF100C5CF02 /* FPSLabel.m */; };
		C6C5CF0D2A76F9AC00C5CF02 /* SelfRefreshBackGifFooter.m in Sources */ = {isa = PBXBuildFile; fileRef = C6C5CF092A76F9AB00C5CF02 /* SelfRefreshBackGifFooter.m */; };
		C6C5CF0E2A76F9AC00C5CF02 /* SelfRefreshGifHeader.m in Sources */ = {isa = PBXBuildFile; fileRef = C6C5CF0C2A76F9AB00C5CF02 /* SelfRefreshGifHeader.m */; };
		C6C5CF112A76FA1700C5CF02 /* SELFAutoStateFooter.m in Sources */ = {isa = PBXBuildFile; fileRef = C6C5CF102A76FA1700C5CF02 /* SELFAutoStateFooter.m */; };
		C6C5CF132A76FCA900C5CF02 /* HandyJsonViewController.swift in Sources */ = {isa = PBXBuildFile; fileRef = C6C5CF122A76FCA900C5CF02 /* HandyJsonViewController.swift */; };
		C6C5CF1B2A77031C00C5CF02 /* Refresh.bundle in Resources */ = {isa = PBXBuildFile; fileRef = C6C5CF1A2A77031C00C5CF02 /* Refresh.bundle */; };
		C6C5CF202A770F3F00C5CF02 /* JhProgressHUD.m in Sources */ = {isa = PBXBuildFile; fileRef = C6C5CF1D2A770F3F00C5CF02 /* JhProgressHUD.m */; };
		C6C5CF212A770F3F00C5CF02 /* JhProgressHUD.bundle in Resources */ = {isa = PBXBuildFile; fileRef = C6C5CF1F2A770F3F00C5CF02 /* JhProgressHUD.bundle */; };
		C6C5CF242A77109900C5CF02 /* RDActionSheet.swift in Sources */ = {isa = PBXBuildFile; fileRef = C6C5CF232A77109800C5CF02 /* RDActionSheet.swift */; };
		C6C5CF332A7734D500C5CF02 /* BaseTabBarController.swift in Sources */ = {isa = PBXBuildFile; fileRef = C6C5CF322A7734D500C5CF02 /* BaseTabBarController.swift */; };
		C6C5CF352A7735C200C5CF02 /* OneTabViewController.swift in Sources */ = {isa = PBXBuildFile; fileRef = C6C5CF342A7735C200C5CF02 /* OneTabViewController.swift */; };
		C6C5CF372A7735DB00C5CF02 /* TwoTabViewController.swift in Sources */ = {isa = PBXBuildFile; fileRef = C6C5CF362A7735DB00C5CF02 /* TwoTabViewController.swift */; };
		C6C5CF3D2A77366800C5CF02 /* ThreeTabViewController.swift in Sources */ = {isa = PBXBuildFile; fileRef = C6C5CF3C2A77366800C5CF02 /* ThreeTabViewController.swift */; };
		C6C5CF3F2A77367900C5CF02 /* FourTabViewController.swift in Sources */ = {isa = PBXBuildFile; fileRef = C6C5CF3E2A77367900C5CF02 /* FourTabViewController.swift */; };
		C6C5CF412A77369100C5CF02 /* FiveTabViewController.swift in Sources */ = {isa = PBXBuildFile; fileRef = C6C5CF402A77369100C5CF02 /* FiveTabViewController.swift */; };
		C6C5CF432A7738D700C5CF02 /* NavigationController.swift in Sources */ = {isa = PBXBuildFile; fileRef = C6C5CF422A7738D700C5CF02 /* NavigationController.swift */; };
		C6C5CF4A2A77714500C5CF02 /* SettingViewController.swift in Sources */ = {isa = PBXBuildFile; fileRef = C6C5CF492A77714500C5CF02 /* SettingViewController.swift */; };
		C6C5CF4C2A78458300C5CF02 /* ConfigVersion.swift in Sources */ = {isa = PBXBuildFile; fileRef = C6C5CF4B2A78458300C5CF02 /* ConfigVersion.swift */; };
		C6C5CF4E2A78497700C5CF02 /* BaseViewController.swift in Sources */ = {isa = PBXBuildFile; fileRef = C6C5CF4D2A78497700C5CF02 /* BaseViewController.swift */; };
		C6C5CF532A7ADB3A00C5CF02 /* BaseTableViewController.swift in Sources */ = {isa = PBXBuildFile; fileRef = C6C5CF522A7ADB3A00C5CF02 /* BaseTableViewController.swift */; };
		C6C5CF552A7ADFB100C5CF02 /* BaseTableView.swift in Sources */ = {isa = PBXBuildFile; fileRef = C6C5CF542A7ADFB100C5CF02 /* BaseTableView.swift */; };
		C6C5CF572A7B024B00C5CF02 /* DemoListViewController.swift in Sources */ = {isa = PBXBuildFile; fileRef = C6C5CF562A7B024B00C5CF02 /* DemoListViewController.swift */; };
		C6C5CF5A2A7B08F300C5CF02 /* ExampleUI_ViewController.swift in Sources */ = {isa = PBXBuildFile; fileRef = C6C5CF592A7B08F300C5CF02 /* ExampleUI_ViewController.swift */; };
		C6C5CF5C2A7B9C1A00C5CF02 /* AlertUIViewController.swift in Sources */ = {isa = PBXBuildFile; fileRef = C6C5CF5B2A7B9C1A00C5CF02 /* AlertUIViewController.swift */; };
		C6C5CF612A7D011A00C5CF02 /* BaseCollectionViewController.swift in Sources */ = {isa = PBXBuildFile; fileRef = C6C5CF602A7D011A00C5CF02 /* BaseCollectionViewController.swift */; };
		C6C5CF632A7D03CE00C5CF02 /* BaseCollectionView.swift in Sources */ = {isa = PBXBuildFile; fileRef = C6C5CF622A7D03CE00C5CF02 /* BaseCollectionView.swift */; };
		C6C5CF652A7D0B0500C5CF02 /* BaseCollectionViewCell.swift in Sources */ = {isa = PBXBuildFile; fileRef = C6C5CF642A7D0B0500C5CF02 /* BaseCollectionViewCell.swift */; };
		C6C5CF6A2A7E325300C5CF02 /* CollectListViewController.swift in Sources */ = {isa = PBXBuildFile; fileRef = C6C5CF692A7E325300C5CF02 /* CollectListViewController.swift */; };
		C6C5CF6D2A7E330400C5CF02 /* EasyCollectionViewController.swift in Sources */ = {isa = PBXBuildFile; fileRef = C6C5CF6C2A7E330400C5CF02 /* EasyCollectionViewController.swift */; };
		C6C5CF702A7E347B00C5CF02 /* DemoCollectionViewCell.swift in Sources */ = {isa = PBXBuildFile; fileRef = C6C5CF6E2A7E347B00C5CF02 /* DemoCollectionViewCell.swift */; };
		C6C5CF712A7E347B00C5CF02 /* DemoCollectionViewCell.xib in Resources */ = {isa = PBXBuildFile; fileRef = C6C5CF6F2A7E347B00C5CF02 /* DemoCollectionViewCell.xib */; };
		C6EE3A4F2A8225D200A76C19 /* WaterflowCell.swift in Sources */ = {isa = PBXBuildFile; fileRef = C6EE3A4E2A8225D200A76C19 /* WaterflowCell.swift */; };
		C6EE3A512A8248F900A76C19 /* WaterFallModelHandle.swift in Sources */ = {isa = PBXBuildFile; fileRef = C6EE3A502A8248F800A76C19 /* WaterFallModelHandle.swift */; };
		C6EE3A532A834EA100A76C19 /* WaterFallFlowLayout.swift in Sources */ = {isa = PBXBuildFile; fileRef = C6EE3A522A834EA100A76C19 /* WaterFallFlowLayout.swift */; };
		C6EE3A552A8360E700A76C19 /* Collection+extension.swift in Sources */ = {isa = PBXBuildFile; fileRef = C6EE3A542A8360E700A76C19 /* Collection+extension.swift */; };
		C6EE3A592A84DC6300A76C19 /* NetWorkingListViewController.swift in Sources */ = {isa = PBXBuildFile; fileRef = C6EE3A582A84DC6300A76C19 /* NetWorkingListViewController.swift */; };
		C6EE3A5C2A84DD1100A76C19 /* FPSViewController.swift in Sources */ = {isa = PBXBuildFile; fileRef = C6EE3A5B2A84DD1100A76C19 /* FPSViewController.swift */; };
		C6EE3A612A85C86400A76C19 /* ChainProgrammingNetWorkKit.swift in Sources */ = {isa = PBXBuildFile; fileRef = C6EE3A602A85C86400A76C19 /* ChainProgrammingNetWorkKit.swift */; };
		C6EE3A642A85EB1900A76C19 /* TableListViewController.swift in Sources */ = {isa = PBXBuildFile; fileRef = C6EE3A632A85EB1900A76C19 /* TableListViewController.swift */; };
		C6EE3A662A85F19600A76C19 /* RDEmptyData.bundle in Resources */ = {isa = PBXBuildFile; fileRef = C6EE3A652A85F19600A76C19 /* RDEmptyData.bundle */; };
		C6EE3A692A864A1400A76C19 /* TableXIBViewController.swift in Sources */ = {isa = PBXBuildFile; fileRef = C6EE3A682A864A1400A76C19 /* TableXIBViewController.swift */; };
		C6EE3A6E2A864ADE00A76C19 /* XIBExampleCell.swift in Sources */ = {isa = PBXBuildFile; fileRef = C6EE3A6C2A864ADE00A76C19 /* XIBExampleCell.swift */; };
		C6EE3A6F2A864ADE00A76C19 /* XIBExampleCell.xib in Resources */ = {isa = PBXBuildFile; fileRef = C6EE3A6D2A864ADE00A76C19 /* XIBExampleCell.xib */; };
		C6EE3A7E2A86927700A76C19 /* XIBTableHeaderView.swift in Sources */ = {isa = PBXBuildFile; fileRef = C6EE3A7D2A86927700A76C19 /* XIBTableHeaderView.swift */; };
		C6EE3A802A86927F00A76C19 /* XIBTableHeaderView.xib in Resources */ = {isa = PBXBuildFile; fileRef = C6EE3A7F2A86927F00A76C19 /* XIBTableHeaderView.xib */; };
		C6EE3A822A873F6B00A76C19 /* NibLoadable.swift in Sources */ = {isa = PBXBuildFile; fileRef = C6EE3A812A873F6B00A76C19 /* NibLoadable.swift */; };
		C6EE3A852A88AEEE00A76C19 /* Table_SwiftyJSON_VC.swift in Sources */ = {isa = PBXBuildFile; fileRef = C6EE3A842A88AEEE00A76C19 /* Table_SwiftyJSON_VC.swift */; };
		C6EE3A872A88D9E000A76C19 /* NetAPIManager.swift in Sources */ = {isa = PBXBuildFile; fileRef = C6EE3A862A88D9E000A76C19 /* NetAPIManager.swift */; };
		C6EE3A8A2A88E8F700A76C19 /* MoyaHttpTool.swift in Sources */ = {isa = PBXBuildFile; fileRef = C6EE3A892A88E8F700A76C19 /* MoyaHttpTool.swift */; };
		C6EE3A8C2A88E91F00A76C19 /* MoyaConfig.swift in Sources */ = {isa = PBXBuildFile; fileRef = C6EE3A8B2A88E91F00A76C19 /* MoyaConfig.swift */; };
		C6EE3A932A893AB100A76C19 /* Table_HandyJSON_VC.swift in Sources */ = {isa = PBXBuildFile; fileRef = C6EE3A922A893AB100A76C19 /* Table_HandyJSON_VC.swift */; };
		C6EE3A952A893D8B00A76C19 /* HandyJsonModel.swift in Sources */ = {isa = PBXBuildFile; fileRef = C6EE3A942A893D8B00A76C19 /* HandyJsonModel.swift */; };
		F1DA6B090365CD91650A31BB /* Pods_Swift_Base.framework in Frameworks */ = {isa = PBXBuildFile; fileRef = 7933B4EB486844E5F32EC5A4 /* Pods_Swift_Base.framework */; };
/* End PBXBuildFile section */

/* Begin PBXContainerItemProxy section */
		C6C5CE882A745BD400C5CF02 /* PBXContainerItemProxy */ = {
			isa = PBXContainerItemProxy;
			containerPortal = C6C5CE692A745BD300C5CF02 /* Project object */;
			proxyType = 1;
			remoteGlobalIDString = C6C5CE702A745BD300C5CF02;
			remoteInfo = Swift_Base;
		};
		C6C5CE922A745BD400C5CF02 /* PBXContainerItemProxy */ = {
			isa = PBXContainerItemProxy;
			containerPortal = C6C5CE692A745BD300C5CF02 /* Project object */;
			proxyType = 1;
			remoteGlobalIDString = C6C5CE702A745BD300C5CF02;
			remoteInfo = Swift_Base;
		};
/* End PBXContainerItemProxy section */

/* Begin PBXFileReference section */
		1A5DD0A6AFC6C7FB94C9F4A4 /* Pods-Swift_Base.debug.xcconfig */ = {isa = PBXFileReference; includeInIndex = 1; lastKnownFileType = text.xcconfig; name = "Pods-Swift_Base.debug.xcconfig"; path = "Target Support Files/Pods-Swift_Base/Pods-Swift_Base.debug.xcconfig"; sourceTree = "<group>"; };
		7933B4EB486844E5F32EC5A4 /* Pods_Swift_Base.framework */ = {isa = PBXFileReference; explicitFileType = wrapper.framework; includeInIndex = 0; path = Pods_Swift_Base.framework; sourceTree = BUILT_PRODUCTS_DIR; };
		B4A286F9C1BFE2A0885F7E4F /* Pods-Swift_Base.release.xcconfig */ = {isa = PBXFileReference; includeInIndex = 1; lastKnownFileType = text.xcconfig; name = "Pods-Swift_Base.release.xcconfig"; path = "Target Support Files/Pods-Swift_Base/Pods-Swift_Base.release.xcconfig"; sourceTree = "<group>"; };
		C65436FE2A7E475A00C304B4 /* NineGridViewController.swift */ = {isa = PBXFileReference; lastKnownFileType = sourcecode.swift; path = NineGridViewController.swift; sourceTree = "<group>"; };
		C65437002A7E7C8F00C304B4 /* NineGridFlowLayout.swift */ = {isa = PBXFileReference; lastKnownFileType = sourcecode.swift; path = NineGridFlowLayout.swift; sourceTree = "<group>"; };
		C65437022A7FC74000C304B4 /* SectionBackgroundReusableView.swift */ = {isa = PBXFileReference; lastKnownFileType = sourcecode.swift; path = SectionBackgroundReusableView.swift; sourceTree = "<group>"; };
		C65437042A8080E800C304B4 /* SectionDecorationLayout.swift */ = {isa = PBXFileReference; lastKnownFileType = sourcecode.swift; path = SectionDecorationLayout.swift; sourceTree = "<group>"; };
		C65437062A80811B00C304B4 /* SessionBackImageSectionViewController.swift */ = {isa = PBXFileReference; lastKnownFileType = sourcecode.swift; path = SessionBackImageSectionViewController.swift; sourceTree = "<group>"; };
		C654370B2A80829D00C304B4 /* ContentCell.swift */ = {isa = PBXFileReference; lastKnownFileType = sourcecode.swift; path = ContentCell.swift; sourceTree = "<group>"; };
		C654370D2A80844700C304B4 /* Then.swift */ = {isa = PBXFileReference; fileEncoding = 4; lastKnownFileType = sourcecode.swift; path = Then.swift; sourceTree = "<group>"; };
		C654370F2A80D90800C304B4 /* ImageReusableView.swift */ = {isa = PBXFileReference; lastKnownFileType = sourcecode.swift; path = ImageReusableView.swift; sourceTree = "<group>"; };
		C65437122A82043000C304B4 /* WaterflowCollectionViewController.swift */ = {isa = PBXFileReference; lastKnownFileType = sourcecode.swift; path = WaterflowCollectionViewController.swift; sourceTree = "<group>"; };
		C67C41832CED735B00DE4723 /* ExtensionCompatible.swift */ = {isa = PBXFileReference; lastKnownFileType = sourcecode.swift; path = ExtensionCompatible.swift; sourceTree = "<group>"; };
		C67C41842CED735B00DE4723 /* StringTool.swift */ = {isa = PBXFileReference; lastKnownFileType = sourcecode.swift; path = StringTool.swift; sourceTree = "<group>"; };
		C67C41872CED746C00DE4723 /* TypeJudge.swift */ = {isa = PBXFileReference; lastKnownFileType = sourcecode.swift; path = TypeJudge.swift; sourceTree = "<group>"; };
		C67C41882CED746C00DE4723 /* UIColorTool.swift */ = {isa = PBXFileReference; lastKnownFileType = sourcecode.swift; path = UIColorTool.swift; sourceTree = "<group>"; };
		C67C418C2CED766C00DE4723 /* POPViewController.swift */ = {isa = PBXFileReference; lastKnownFileType = sourcecode.swift; path = POPViewController.swift; sourceTree = "<group>"; };
		C67C418F2CEE28C500DE4723 /* ReactiveProgrammingViewController.swift */ = {isa = PBXFileReference; lastKnownFileType = sourcecode.swift; path = ReactiveProgrammingViewController.swift; sourceTree = "<group>"; };
		C68CB6FC2CE7B367009F8A6A /* Mems.swift */ = {isa = PBXFileReference; lastKnownFileType = sourcecode.swift; path = Mems.swift; sourceTree = "<group>"; };
		C68CB6FE2CE7B3EB009F8A6A /* WS_Async.swift */ = {isa = PBXFileReference; lastKnownFileType = sourcecode.swift; path = WS_Async.swift; sourceTree = "<group>"; };
		C68CB7002CE83119009F8A6A /* Singleton.swift */ = {isa = PBXFileReference; lastKnownFileType = sourcecode.swift; path = Singleton.swift; sourceTree = "<group>"; };
		C68CB74B2CE83A23009F8A6A /* WS_Person.h */ = {isa = PBXFileReference; lastKnownFileType = sourcecode.c.h; path = WS_Person.h; sourceTree = "<group>"; };
		C68CB74C2CE83A23009F8A6A /* WS_Person.m */ = {isa = PBXFileReference; lastKnownFileType = sourcecode.c.objc; path = WS_Person.m; sourceTree = "<group>"; };
		C68CB74E2CE83B2C009F8A6A /* Swift_Call_OC_ViewController.swift */ = {isa = PBXFileReference; lastKnownFileType = sourcecode.swift; path = Swift_Call_OC_ViewController.swift; sourceTree = "<group>"; };
		C68CB7502CE83D47009F8A6A /* Car.swift */ = {isa = PBXFileReference; lastKnownFileType = sourcecode.swift; path = Car.swift; sourceTree = "<group>"; };
		C68CB7532CE83FE9009F8A6A /* MultithreadingViewController.swift */ = {isa = PBXFileReference; lastKnownFileType = sourcecode.swift; path = MultithreadingViewController.swift; sourceTree = "<group>"; };
		C68CB7582CE8564A009F8A6A /* OC_Call_Swift_ViewController.h */ = {isa = PBXFileReference; lastKnownFileType = sourcecode.c.h; path = OC_Call_Swift_ViewController.h; sourceTree = "<group>"; };
		C68CB7592CE8564A009F8A6A /* OC_Call_Swift_ViewController.m */ = {isa = PBXFileReference; lastKnownFileType = sourcecode.c.objc; path = OC_Call_Swift_ViewController.m; sourceTree = "<group>"; };
		C68CB75F2CE99F41009F8A6A /* AssertsManager.swift */ = {isa = PBXFileReference; lastKnownFileType = sourcecode.swift; path = AssertsManager.swift; sourceTree = "<group>"; };
		C68CB7612CE9A5B1009F8A6A /* WS_Cache.swift */ = {isa = PBXFileReference; lastKnownFileType = sourcecode.swift; path = WS_Cache.swift; sourceTree = "<group>"; };
		C68CB7682CEB7CDF009F8A6A /* FuntionalProgrammingViewController.swift */ = {isa = PBXFileReference; lastKnownFileType = sourcecode.swift; path = FuntionalProgrammingViewController.swift; sourceTree = "<group>"; };
		C68CB76D2CECE0C1009F8A6A /* WS_TabBar.swift */ = {isa = PBXFileReference; lastKnownFileType = sourcecode.swift; path = WS_TabBar.swift; sourceTree = "<group>"; };
		C6B519842CEF261300794CF1 /* ReactiveProgrammingViewController.xib */ = {isa = PBXFileReference; lastKnownFileType = file.xib; path = ReactiveProgrammingViewController.xib; sourceTree = "<group>"; };
		C6B57FED2CF087FA00794CF1 /* MirrorViewController.swift */ = {isa = PBXFileReference; lastKnownFileType = sourcecode.swift; path = MirrorViewController.swift; sourceTree = "<group>"; };
		C6B8C4E62A89ED8A0080F9B4 /* Table_ObjectMapper_Moya.swift */ = {isa = PBXFileReference; lastKnownFileType = sourcecode.swift; path = Table_ObjectMapper_Moya.swift; sourceTree = "<group>"; };
		C6C5CE712A745BD300C5CF02 /* Swift_Base.app */ = {isa = PBXFileReference; explicitFileType = wrapper.application; includeInIndex = 0; path = Swift_Base.app; sourceTree = BUILT_PRODUCTS_DIR; };
		C6C5CE742A745BD300C5CF02 /* AppDelegate.swift */ = {isa = PBXFileReference; lastKnownFileType = sourcecode.swift; path = AppDelegate.swift; sourceTree = "<group>"; };
		C6C5CE7D2A745BD400C5CF02 /* Assets.xcassets */ = {isa = PBXFileReference; lastKnownFileType = folder.assetcatalog; path = Assets.xcassets; sourceTree = "<group>"; };
		C6C5CE802A745BD400C5CF02 /* Base */ = {isa = PBXFileReference; lastKnownFileType = file.storyboard; name = Base; path = Base.lproj/LaunchScreen.storyboard; sourceTree = "<group>"; };
		C6C5CE822A745BD400C5CF02 /* Info.plist */ = {isa = PBXFileReference; lastKnownFileType = text.plist.xml; path = Info.plist; sourceTree = "<group>"; };
		C6C5CE872A745BD400C5CF02 /* Swift_BaseTests.xctest */ = {isa = PBXFileReference; explicitFileType = wrapper.cfbundle; includeInIndex = 0; path = Swift_BaseTests.xctest; sourceTree = BUILT_PRODUCTS_DIR; };
		C6C5CE8B2A745BD400C5CF02 /* Swift_BaseTests.swift */ = {isa = PBXFileReference; lastKnownFileType = sourcecode.swift; path = Swift_BaseTests.swift; sourceTree = "<group>"; };
		C6C5CE912A745BD400C5CF02 /* Swift_BaseUITests.xctest */ = {isa = PBXFileReference; explicitFileType = wrapper.cfbundle; includeInIndex = 0; path = Swift_BaseUITests.xctest; sourceTree = BUILT_PRODUCTS_DIR; };
		C6C5CE952A745BD400C5CF02 /* Swift_BaseUITests.swift */ = {isa = PBXFileReference; lastKnownFileType = sourcecode.swift; path = Swift_BaseUITests.swift; sourceTree = "<group>"; };
		C6C5CE972A745BD400C5CF02 /* Swift_BaseUITestsLaunchTests.swift */ = {isa = PBXFileReference; lastKnownFileType = sourcecode.swift; path = Swift_BaseUITestsLaunchTests.swift; sourceTree = "<group>"; };
		C6C5CEA42A745D8B00C5CF02 /* RootViewController.swift */ = {isa = PBXFileReference; lastKnownFileType = sourcecode.swift; path = RootViewController.swift; sourceTree = "<group>"; };
		C6C5CEA72A745E4700C5CF02 /* LaunchImage_1.png */ = {isa = PBXFileReference; lastKnownFileType = image.png; path = LaunchImage_1.png; sourceTree = "<group>"; };
		C6C5CEA92A74619500C5CF02 /* Swift_Base-Bridging-Header.h */ = {isa = PBXFileReference; lastKnownFileType = sourcecode.c.h; path = "Swift_Base-Bridging-Header.h"; sourceTree = "<group>"; };
		C6C5CEB02A74C73200C5CF02 /* RDLog.swift */ = {isa = PBXFileReference; lastKnownFileType = sourcecode.swift; path = RDLog.swift; sourceTree = "<group>"; };
		C6C5CEB22A74E11900C5CF02 /* UIWindow+Extension.swift */ = {isa = PBXFileReference; lastKnownFileType = sourcecode.swift; path = "UIWindow+Extension.swift"; sourceTree = "<group>"; };
		C6C5CEB42A74E2D000C5CF02 /* Toast.swift */ = {isa = PBXFileReference; lastKnownFileType = sourcecode.swift; path = Toast.swift; sourceTree = "<group>"; };
		C6C5CEB72A758A2100C5CF02 /* FrameMacro.swift */ = {isa = PBXFileReference; lastKnownFileType = sourcecode.swift; path = FrameMacro.swift; sourceTree = "<group>"; };
		C6C5CEB92A75CC5000C5CF02 /* DeviceInfo.swift */ = {isa = PBXFileReference; lastKnownFileType = sourcecode.swift; path = DeviceInfo.swift; sourceTree = "<group>"; };
		C6C5CEBB2A75D1D200C5CF02 /* GlobalConfig.swift */ = {isa = PBXFileReference; lastKnownFileType = sourcecode.swift; path = GlobalConfig.swift; sourceTree = "<group>"; };
		C6C5CEBD2A75D2E300C5CF02 /* ConfigFontColorMacro.swift */ = {isa = PBXFileReference; lastKnownFileType = sourcecode.swift; path = ConfigFontColorMacro.swift; sourceTree = "<group>"; };
		C6C5CEC02A75D42900C5CF02 /* UIColor+DarkColor.swift */ = {isa = PBXFileReference; lastKnownFileType = sourcecode.swift; path = "UIColor+DarkColor.swift"; sourceTree = "<group>"; };
		C6C5CEC22A75D46E00C5CF02 /* UIColor+Extension.swift */ = {isa = PBXFileReference; lastKnownFileType = sourcecode.swift; path = "UIColor+Extension.swift"; sourceTree = "<group>"; };
		C6C5CEC42A75D52600C5CF02 /* UIImage+DarkImage.swift */ = {isa = PBXFileReference; lastKnownFileType = sourcecode.swift; path = "UIImage+DarkImage.swift"; sourceTree = "<group>"; };
		C6C5CEC62A75D5DC00C5CF02 /* UIView+Extension.swift */ = {isa = PBXFileReference; lastKnownFileType = sourcecode.swift; path = "UIView+Extension.swift"; sourceTree = "<group>"; };
		C6C5CEC82A75D61100C5CF02 /* UIBarButtonItem+Extension.swift */ = {isa = PBXFileReference; lastKnownFileType = sourcecode.swift; path = "UIBarButtonItem+Extension.swift"; sourceTree = "<group>"; };
		C6C5CECA2A75D65200C5CF02 /* UIImage+Extension.swift */ = {isa = PBXFileReference; lastKnownFileType = sourcecode.swift; path = "UIImage+Extension.swift"; sourceTree = "<group>"; };
		C6C5CECC2A75D67800C5CF02 /* UITableView+Extension.swift */ = {isa = PBXFileReference; lastKnownFileType = sourcecode.swift; path = "UITableView+Extension.swift"; sourceTree = "<group>"; };
		C6C5CECF2A75D73200C5CF02 /* NSString+Extension.swift */ = {isa = PBXFileReference; lastKnownFileType = sourcecode.swift; path = "NSString+Extension.swift"; sourceTree = "<group>"; };
		C6C5CED42A75D84F00C5CF02 /* MBProgressHUD+Extension.swift */ = {isa = PBXFileReference; lastKnownFileType = sourcecode.swift; path = "MBProgressHUD+Extension.swift"; sourceTree = "<group>"; };
		C6C5CED62A75D89500C5CF02 /* ConstraintArray+Extensions.swift */ = {isa = PBXFileReference; fileEncoding = 4; lastKnownFileType = sourcecode.swift; path = "ConstraintArray+Extensions.swift"; sourceTree = "<group>"; };
		C6C5CED72A75D89500C5CF02 /* ConstraintArrayDSL.swift */ = {isa = PBXFileReference; fileEncoding = 4; lastKnownFileType = sourcecode.swift; path = ConstraintArrayDSL.swift; sourceTree = "<group>"; };
		C6C5CEDB2A76055F00C5CF02 /* String+Extension.swift */ = {isa = PBXFileReference; lastKnownFileType = sourcecode.swift; path = "String+Extension.swift"; sourceTree = "<group>"; };
		C6C5CEDD2A76120500C5CF02 /* Category_README.md */ = {isa = PBXFileReference; lastKnownFileType = net.daringfireball.markdown; path = Category_README.md; sourceTree = "<group>"; };
		C6C5CEDE2A7612C000C5CF02 /* PublicConfigs_README.md */ = {isa = PBXFileReference; lastKnownFileType = net.daringfireball.markdown; path = PublicConfigs_README.md; sourceTree = "<group>"; };
		C6C5CEDF2A76958000C5CF02 /* AppDelegate+Extension.swift */ = {isa = PBXFileReference; lastKnownFileType = sourcecode.swift; path = "AppDelegate+Extension.swift"; sourceTree = "<group>"; };
		C6C5CEE22A76A5A200C5CF02 /* SystemAlertTool.swift */ = {isa = PBXFileReference; lastKnownFileType = sourcecode.swift; path = SystemAlertTool.swift; sourceTree = "<group>"; };
		C6C5CEE52A76A82000C5CF02 /* JsonUtils.swift */ = {isa = PBXFileReference; lastKnownFileType = sourcecode.swift; path = JsonUtils.swift; sourceTree = "<group>"; };
		C6C5CEE82A76A8D700C5CF02 /* BaseModel.swift */ = {isa = PBXFileReference; lastKnownFileType = sourcecode.swift; path = BaseModel.swift; sourceTree = "<group>"; };
		C6C5CEEA2A76A9D300C5CF02 /* JsonTool.swift */ = {isa = PBXFileReference; lastKnownFileType = sourcecode.swift; path = JsonTool.swift; sourceTree = "<group>"; };
		C6C5CEED2A76AA2D00C5CF02 /* FileManagerTool.swift */ = {isa = PBXFileReference; lastKnownFileType = sourcecode.swift; path = FileManagerTool.swift; sourceTree = "<group>"; };
		C6C5CEEF2A76AA6600C5CF02 /* CommonTool.swift */ = {isa = PBXFileReference; lastKnownFileType = sourcecode.swift; path = CommonTool.swift; sourceTree = "<group>"; };
		C6C5CEF12A76AA8E00C5CF02 /* ReachabilityTool.swift */ = {isa = PBXFileReference; lastKnownFileType = sourcecode.swift; path = ReachabilityTool.swift; sourceTree = "<group>"; };
		C6C5CF022A76DBF100C5CF02 /* YYWeakProxy.m */ = {isa = PBXFileReference; fileEncoding = 4; lastKnownFileType = sourcecode.c.objc; path = YYWeakProxy.m; sourceTree = "<group>"; };
		C6C5CF032A76DBF100C5CF02 /* FPSLabel.h */ = {isa = PBXFileReference; fileEncoding = 4; lastKnownFileType = sourcecode.c.h; path = FPSLabel.h; sourceTree = "<group>"; };
		C6C5CF042A76DBF100C5CF02 /* YYWeakProxy.h */ = {isa = PBXFileReference; fileEncoding = 4; lastKnownFileType = sourcecode.c.h; path = YYWeakProxy.h; sourceTree = "<group>"; };
		C6C5CF052A76DBF100C5CF02 /* FPSLabel.m */ = {isa = PBXFileReference; fileEncoding = 4; lastKnownFileType = sourcecode.c.objc; path = FPSLabel.m; sourceTree = "<group>"; };
		C6C5CF092A76F9AB00C5CF02 /* SelfRefreshBackGifFooter.m */ = {isa = PBXFileReference; fileEncoding = 4; lastKnownFileType = sourcecode.c.objc; path = SelfRefreshBackGifFooter.m; sourceTree = "<group>"; };
		C6C5CF0A2A76F9AB00C5CF02 /* SelfRefreshBackGifFooter.h */ = {isa = PBXFileReference; fileEncoding = 4; lastKnownFileType = sourcecode.c.h; path = SelfRefreshBackGifFooter.h; sourceTree = "<group>"; };
		C6C5CF0B2A76F9AB00C5CF02 /* SelfRefreshGifHeader.h */ = {isa = PBXFileReference; fileEncoding = 4; lastKnownFileType = sourcecode.c.h; path = SelfRefreshGifHeader.h; sourceTree = "<group>"; };
		C6C5CF0C2A76F9AB00C5CF02 /* SelfRefreshGifHeader.m */ = {isa = PBXFileReference; fileEncoding = 4; lastKnownFileType = sourcecode.c.objc; path = SelfRefreshGifHeader.m; sourceTree = "<group>"; };
		C6C5CF0F2A76FA1600C5CF02 /* SELFAutoStateFooter.h */ = {isa = PBXFileReference; fileEncoding = 4; lastKnownFileType = sourcecode.c.h; path = SELFAutoStateFooter.h; sourceTree = "<group>"; };
		C6C5CF102A76FA1700C5CF02 /* SELFAutoStateFooter.m */ = {isa = PBXFileReference; fileEncoding = 4; lastKnownFileType = sourcecode.c.objc; path = SELFAutoStateFooter.m; sourceTree = "<group>"; };
		C6C5CF122A76FCA900C5CF02 /* HandyJsonViewController.swift */ = {isa = PBXFileReference; lastKnownFileType = sourcecode.swift; path = HandyJsonViewController.swift; sourceTree = "<group>"; };
		C6C5CF1A2A77031C00C5CF02 /* Refresh.bundle */ = {isa = PBXFileReference; lastKnownFileType = "wrapper.plug-in"; path = Refresh.bundle; sourceTree = "<group>"; };
		C6C5CF1D2A770F3F00C5CF02 /* JhProgressHUD.m */ = {isa = PBXFileReference; fileEncoding = 4; lastKnownFileType = sourcecode.c.objc; path = JhProgressHUD.m; sourceTree = "<group>"; };
		C6C5CF1E2A770F3F00C5CF02 /* JhProgressHUD.h */ = {isa = PBXFileReference; fileEncoding = 4; lastKnownFileType = sourcecode.c.h; path = JhProgressHUD.h; sourceTree = "<group>"; };
		C6C5CF1F2A770F3F00C5CF02 /* JhProgressHUD.bundle */ = {isa = PBXFileReference; lastKnownFileType = "wrapper.plug-in"; path = JhProgressHUD.bundle; sourceTree = "<group>"; };
		C6C5CF232A77109800C5CF02 /* RDActionSheet.swift */ = {isa = PBXFileReference; fileEncoding = 4; lastKnownFileType = sourcecode.swift; path = RDActionSheet.swift; sourceTree = "<group>"; };
		C6C5CF322A7734D500C5CF02 /* BaseTabBarController.swift */ = {isa = PBXFileReference; lastKnownFileType = sourcecode.swift; path = BaseTabBarController.swift; sourceTree = "<group>"; };
		C6C5CF342A7735C200C5CF02 /* OneTabViewController.swift */ = {isa = PBXFileReference; lastKnownFileType = sourcecode.swift; path = OneTabViewController.swift; sourceTree = "<group>"; };
		C6C5CF362A7735DB00C5CF02 /* TwoTabViewController.swift */ = {isa = PBXFileReference; lastKnownFileType = sourcecode.swift; path = TwoTabViewController.swift; sourceTree = "<group>"; };
		C6C5CF3C2A77366800C5CF02 /* ThreeTabViewController.swift */ = {isa = PBXFileReference; lastKnownFileType = sourcecode.swift; path = ThreeTabViewController.swift; sourceTree = "<group>"; };
		C6C5CF3E2A77367900C5CF02 /* FourTabViewController.swift */ = {isa = PBXFileReference; lastKnownFileType = sourcecode.swift; path = FourTabViewController.swift; sourceTree = "<group>"; };
		C6C5CF402A77369100C5CF02 /* FiveTabViewController.swift */ = {isa = PBXFileReference; lastKnownFileType = sourcecode.swift; path = FiveTabViewController.swift; sourceTree = "<group>"; };
		C6C5CF422A7738D700C5CF02 /* NavigationController.swift */ = {isa = PBXFileReference; fileEncoding = 4; lastKnownFileType = sourcecode.swift; path = NavigationController.swift; sourceTree = "<group>"; };
		C6C5CF492A77714500C5CF02 /* SettingViewController.swift */ = {isa = PBXFileReference; lastKnownFileType = sourcecode.swift; path = SettingViewController.swift; sourceTree = "<group>"; };
		C6C5CF4B2A78458300C5CF02 /* ConfigVersion.swift */ = {isa = PBXFileReference; lastKnownFileType = sourcecode.swift; path = ConfigVersion.swift; sourceTree = "<group>"; };
		C6C5CF4D2A78497700C5CF02 /* BaseViewController.swift */ = {isa = PBXFileReference; lastKnownFileType = sourcecode.swift; path = BaseViewController.swift; sourceTree = "<group>"; };
		C6C5CF522A7ADB3A00C5CF02 /* BaseTableViewController.swift */ = {isa = PBXFileReference; lastKnownFileType = sourcecode.swift; path = BaseTableViewController.swift; sourceTree = "<group>"; };
		C6C5CF542A7ADFB100C5CF02 /* BaseTableView.swift */ = {isa = PBXFileReference; lastKnownFileType = sourcecode.swift; path = BaseTableView.swift; sourceTree = "<group>"; };
		C6C5CF562A7B024B00C5CF02 /* DemoListViewController.swift */ = {isa = PBXFileReference; lastKnownFileType = sourcecode.swift; path = DemoListViewController.swift; sourceTree = "<group>"; };
		C6C5CF592A7B08F300C5CF02 /* ExampleUI_ViewController.swift */ = {isa = PBXFileReference; lastKnownFileType = sourcecode.swift; path = ExampleUI_ViewController.swift; sourceTree = "<group>"; };
		C6C5CF5B2A7B9C1A00C5CF02 /* AlertUIViewController.swift */ = {isa = PBXFileReference; lastKnownFileType = sourcecode.swift; path = AlertUIViewController.swift; sourceTree = "<group>"; };
		C6C5CF602A7D011A00C5CF02 /* BaseCollectionViewController.swift */ = {isa = PBXFileReference; lastKnownFileType = sourcecode.swift; path = BaseCollectionViewController.swift; sourceTree = "<group>"; };
		C6C5CF622A7D03CE00C5CF02 /* BaseCollectionView.swift */ = {isa = PBXFileReference; lastKnownFileType = sourcecode.swift; path = BaseCollectionView.swift; sourceTree = "<group>"; };
		C6C5CF642A7D0B0500C5CF02 /* BaseCollectionViewCell.swift */ = {isa = PBXFileReference; lastKnownFileType = sourcecode.swift; path = BaseCollectionViewCell.swift; sourceTree = "<group>"; };
		C6C5CF692A7E325300C5CF02 /* CollectListViewController.swift */ = {isa = PBXFileReference; lastKnownFileType = sourcecode.swift; path = CollectListViewController.swift; sourceTree = "<group>"; };
		C6C5CF6C2A7E330400C5CF02 /* EasyCollectionViewController.swift */ = {isa = PBXFileReference; lastKnownFileType = sourcecode.swift; path = EasyCollectionViewController.swift; sourceTree = "<group>"; };
		C6C5CF6E2A7E347B00C5CF02 /* DemoCollectionViewCell.swift */ = {isa = PBXFileReference; lastKnownFileType = sourcecode.swift; path = DemoCollectionViewCell.swift; sourceTree = "<group>"; };
		C6C5CF6F2A7E347B00C5CF02 /* DemoCollectionViewCell.xib */ = {isa = PBXFileReference; lastKnownFileType = file.xib; path = DemoCollectionViewCell.xib; sourceTree = "<group>"; };
		C6EE3A4E2A8225D200A76C19 /* WaterflowCell.swift */ = {isa = PBXFileReference; lastKnownFileType = sourcecode.swift; path = WaterflowCell.swift; sourceTree = "<group>"; };
		C6EE3A502A8248F800A76C19 /* WaterFallModelHandle.swift */ = {isa = PBXFileReference; lastKnownFileType = sourcecode.swift; path = WaterFallModelHandle.swift; sourceTree = "<group>"; };
		C6EE3A522A834EA100A76C19 /* WaterFallFlowLayout.swift */ = {isa = PBXFileReference; lastKnownFileType = sourcecode.swift; path = WaterFallFlowLayout.swift; sourceTree = "<group>"; };
		C6EE3A542A8360E700A76C19 /* Collection+extension.swift */ = {isa = PBXFileReference; lastKnownFileType = sourcecode.swift; path = "Collection+extension.swift"; sourceTree = "<group>"; };
		C6EE3A582A84DC6300A76C19 /* NetWorkingListViewController.swift */ = {isa = PBXFileReference; lastKnownFileType = sourcecode.swift; path = NetWorkingListViewController.swift; sourceTree = "<group>"; };
		C6EE3A5B2A84DD1100A76C19 /* FPSViewController.swift */ = {isa = PBXFileReference; lastKnownFileType = sourcecode.swift; path = FPSViewController.swift; sourceTree = "<group>"; };
		C6EE3A602A85C86400A76C19 /* ChainProgrammingNetWorkKit.swift */ = {isa = PBXFileReference; lastKnownFileType = sourcecode.swift; path = ChainProgrammingNetWorkKit.swift; sourceTree = "<group>"; };
		C6EE3A632A85EB1900A76C19 /* TableListViewController.swift */ = {isa = PBXFileReference; lastKnownFileType = sourcecode.swift; path = TableListViewController.swift; sourceTree = "<group>"; };
		C6EE3A652A85F19600A76C19 /* RDEmptyData.bundle */ = {isa = PBXFileReference; lastKnownFileType = "wrapper.plug-in"; path = RDEmptyData.bundle; sourceTree = "<group>"; };
		C6EE3A682A864A1400A76C19 /* TableXIBViewController.swift */ = {isa = PBXFileReference; lastKnownFileType = sourcecode.swift; path = TableXIBViewController.swift; sourceTree = "<group>"; };
		C6EE3A6C2A864ADE00A76C19 /* XIBExampleCell.swift */ = {isa = PBXFileReference; lastKnownFileType = sourcecode.swift; path = XIBExampleCell.swift; sourceTree = "<group>"; };
		C6EE3A6D2A864ADE00A76C19 /* XIBExampleCell.xib */ = {isa = PBXFileReference; lastKnownFileType = file.xib; path = XIBExampleCell.xib; sourceTree = "<group>"; };
		C6EE3A7D2A86927700A76C19 /* XIBTableHeaderView.swift */ = {isa = PBXFileReference; lastKnownFileType = sourcecode.swift; path = XIBTableHeaderView.swift; sourceTree = "<group>"; };
		C6EE3A7F2A86927F00A76C19 /* XIBTableHeaderView.xib */ = {isa = PBXFileReference; lastKnownFileType = file.xib; path = XIBTableHeaderView.xib; sourceTree = "<group>"; };
		C6EE3A812A873F6B00A76C19 /* NibLoadable.swift */ = {isa = PBXFileReference; lastKnownFileType = sourcecode.swift; path = NibLoadable.swift; sourceTree = "<group>"; };
		C6EE3A842A88AEEE00A76C19 /* Table_SwiftyJSON_VC.swift */ = {isa = PBXFileReference; lastKnownFileType = sourcecode.swift; path = Table_SwiftyJSON_VC.swift; sourceTree = "<group>"; };
		C6EE3A862A88D9E000A76C19 /* NetAPIManager.swift */ = {isa = PBXFileReference; lastKnownFileType = sourcecode.swift; path = NetAPIManager.swift; sourceTree = "<group>"; };
		C6EE3A892A88E8F700A76C19 /* MoyaHttpTool.swift */ = {isa = PBXFileReference; lastKnownFileType = sourcecode.swift; path = MoyaHttpTool.swift; sourceTree = "<group>"; };
		C6EE3A8B2A88E91F00A76C19 /* MoyaConfig.swift */ = {isa = PBXFileReference; lastKnownFileType = sourcecode.swift; path = MoyaConfig.swift; sourceTree = "<group>"; };
		C6EE3A922A893AB100A76C19 /* Table_HandyJSON_VC.swift */ = {isa = PBXFileReference; lastKnownFileType = sourcecode.swift; path = Table_HandyJSON_VC.swift; sourceTree = "<group>"; };
		C6EE3A942A893D8B00A76C19 /* HandyJsonModel.swift */ = {isa = PBXFileReference; lastKnownFileType = sourcecode.swift; path = HandyJsonModel.swift; sourceTree = "<group>"; };
/* End PBXFileReference section */

/* Begin PBXFrameworksBuildPhase section */
		C6C5CE6E2A745BD300C5CF02 /* Frameworks */ = {
			isa = PBXFrameworksBuildPhase;
			buildActionMask = 2147483647;
			files = (
				F1DA6B090365CD91650A31BB /* Pods_Swift_Base.framework in Frameworks */,
			);
			runOnlyForDeploymentPostprocessing = 0;
		};
		C6C5CE842A745BD400C5CF02 /* Frameworks */ = {
			isa = PBXFrameworksBuildPhase;
			buildActionMask = 2147483647;
			files = (
			);
			runOnlyForDeploymentPostprocessing = 0;
		};
		C6C5CE8E2A745BD400C5CF02 /* Frameworks */ = {
			isa = PBXFrameworksBuildPhase;
			buildActionMask = 2147483647;
			files = (
			);
			runOnlyForDeploymentPostprocessing = 0;
		};
/* End PBXFrameworksBuildPhase section */

/* Begin PBXGroup section */
		BFE8E3FD87540D2FFA8F96FD /* Pods */ = {
			isa = PBXGroup;
			children = (
				1A5DD0A6AFC6C7FB94C9F4A4 /* Pods-Swift_Base.debug.xcconfig */,
				B4A286F9C1BFE2A0885F7E4F /* Pods-Swift_Base.release.xcconfig */,
			);
			name = Pods;
			path = ../Pods;
			sourceTree = "<group>";
		};
		C65437082A80816400C304B4 /* BasicUse */ = {
			isa = PBXGroup;
			children = (
				C6C5CF6C2A7E330400C5CF02 /* EasyCollectionViewController.swift */,
				C6C5CF6E2A7E347B00C5CF02 /* DemoCollectionViewCell.swift */,
				C6C5CF6F2A7E347B00C5CF02 /* DemoCollectionViewCell.xib */,
			);
			path = BasicUse;
			sourceTree = "<group>";
		};
		C65437092A80817E00C304B4 /* NineGrid */ = {
			isa = PBXGroup;
			children = (
				C65436FE2A7E475A00C304B4 /* NineGridViewController.swift */,
				C65437002A7E7C8F00C304B4 /* NineGridFlowLayout.swift */,
				C654370F2A80D90800C304B4 /* ImageReusableView.swift */,
			);
			path = NineGrid;
			sourceTree = "<group>";
		};
		C654370A2A80818B00C304B4 /* SessionBackImageSection */ = {
			isa = PBXGroup;
			children = (
				C65437062A80811B00C304B4 /* SessionBackImageSectionViewController.swift */,
				C65437042A8080E800C304B4 /* SectionDecorationLayout.swift */,
				C65437022A7FC74000C304B4 /* SectionBackgroundReusableView.swift */,
				C654370B2A80829D00C304B4 /* ContentCell.swift */,
			);
			path = SessionBackImageSection;
			sourceTree = "<group>";
		};
		C65437112A8203CB00C304B4 /* WaterFlow */ = {
			isa = PBXGroup;
			children = (
				C65437122A82043000C304B4 /* WaterflowCollectionViewController.swift */,
				C6EE3A502A8248F800A76C19 /* WaterFallModelHandle.swift */,
				C6EE3A522A834EA100A76C19 /* WaterFallFlowLayout.swift */,
				C6EE3A4E2A8225D200A76C19 /* WaterflowCell.swift */,
			);
			path = WaterFlow;
			sourceTree = "<group>";
		};
		C67C41822CED734200DE4723 /* 面向协议编程 */ = {
			isa = PBXGroup;
			children = (
				C67C418C2CED766C00DE4723 /* POPViewController.swift */,
				C67C41832CED735B00DE4723 /* ExtensionCompatible.swift */,
				C67C41842CED735B00DE4723 /* StringTool.swift */,
				C67C41882CED746C00DE4723 /* UIColorTool.swift */,
				C67C41872CED746C00DE4723 /* TypeJudge.swift */,
			);
			path = "面向协议编程";
			sourceTree = "<group>";
		};
		C67C418E2CEE289F00DE4723 /* 响应式编程 */ = {
			isa = PBXGroup;
			children = (
				C67C418F2CEE28C500DE4723 /* ReactiveProgrammingViewController.swift */,
				C6B519842CEF261300794CF1 /* ReactiveProgrammingViewController.xib */,
			);
			path = "响应式编程";
			sourceTree = "<group>";
		};
		C68CB74A2CE83A08009F8A6A /* Swift调用OC */ = {
			isa = PBXGroup;
			children = (
				C68CB74E2CE83B2C009F8A6A /* Swift_Call_OC_ViewController.swift */,
				C68CB74B2CE83A23009F8A6A /* WS_Person.h */,
				C68CB74C2CE83A23009F8A6A /* WS_Person.m */,
			);
			path = "Swift调用OC";
			sourceTree = "<group>";
		};
		C68CB7522CE83FB1009F8A6A /* 多线程 */ = {
			isa = PBXGroup;
			children = (
				C68CB7532CE83FE9009F8A6A /* MultithreadingViewController.swift */,
				C68CB6FE2CE7B3EB009F8A6A /* WS_Async.swift */,
				C68CB7612CE9A5B1009F8A6A /* WS_Cache.swift */,
			);
			path = "多线程";
			sourceTree = "<group>";
		};
		C68CB7552CE854D5009F8A6A /* OC调用Swift */ = {
			isa = PBXGroup;
			children = (
				C68CB7582CE8564A009F8A6A /* OC_Call_Swift_ViewController.h */,
				C68CB7592CE8564A009F8A6A /* OC_Call_Swift_ViewController.m */,
				C68CB7502CE83D47009F8A6A /* Car.swift */,
			);
			path = "OC调用Swift";
			sourceTree = "<group>";
		};
		C68CB76A2CEB7CEE009F8A6A /* 函数式编程 */ = {
			isa = PBXGroup;
			children = (
				C68CB7682CEB7CDF009F8A6A /* FuntionalProgrammingViewController.swift */,
			);
			path = "函数式编程";
			sourceTree = "<group>";
		};
		C6B57FEC2CF087DF00794CF1 /* 反射 */ = {
			isa = PBXGroup;
			children = (
				C6B57FED2CF087FA00794CF1 /* MirrorViewController.swift */,
			);
			path = "反射";
			sourceTree = "<group>";
		};
		C6B8C4E52A89ED100080F9B4 /* New Group */ = {
			isa = PBXGroup;
			children = (
				C6B8C4E62A89ED8A0080F9B4 /* Table_ObjectMapper_Moya.swift */,
			);
			path = "New Group";
			sourceTree = "<group>";
		};
		C6C5CE682A745BD300C5CF02 = {
			isa = PBXGroup;
			children = (
				C6C5CE732A745BD300C5CF02 /* Swift_Base */,
				C6C5CE8A2A745BD400C5CF02 /* Swift_BaseTests */,
				C6C5CE942A745BD400C5CF02 /* Swift_BaseUITests */,
				C6C5CE722A745BD300C5CF02 /* Products */,
				BFE8E3FD87540D2FFA8F96FD /* Pods */,
				D956914C5C9F306AEEBF4E78 /* Frameworks */,
			);
			sourceTree = "<group>";
		};
		C6C5CE722A745BD300C5CF02 /* Products */ = {
			isa = PBXGroup;
			children = (
				C6C5CE712A745BD300C5CF02 /* Swift_Base.app */,
				C6C5CE872A745BD400C5CF02 /* Swift_BaseTests.xctest */,
				C6C5CE912A745BD400C5CF02 /* Swift_BaseUITests.xctest */,
			);
			name = Products;
			sourceTree = "<group>";
		};
		C6C5CE732A745BD300C5CF02 /* Swift_Base */ = {
			isa = PBXGroup;
			children = (
				C6C5CF2F2A77342100C5CF02 /* ProjectDemo */,
				C6C5CEEC2A76AA0E00C5CF02 /* Tools */,
				C6C5CEE72A76A88400C5CF02 /* RD_Model */,
				C6C5CEE42A76A7F500C5CF02 /* RD_UIKit */,
				C6C5CEDA2A75D8D400C5CF02 /* Category无耦合分类 */,
				C6C5CEAF2A74C6D700C5CF02 /* PublicConfigs基础配置 */,
				C6C5CEAE2A7463FB00C5CF02 /* SRC */,
				C6C5CEA62A745E3A00C5CF02 /* Resources */,
				C6C5CEB22A74E11900C5CF02 /* UIWindow+Extension.swift */,
				C6C5CEB42A74E2D000C5CF02 /* Toast.swift */,
			);
			path = Swift_Base;
			sourceTree = "<group>";
		};
		C6C5CE8A2A745BD400C5CF02 /* Swift_BaseTests */ = {
			isa = PBXGroup;
			children = (
				C6C5CE8B2A745BD400C5CF02 /* Swift_BaseTests.swift */,
			);
			path = Swift_BaseTests;
			sourceTree = "<group>";
		};
		C6C5CE942A745BD400C5CF02 /* Swift_BaseUITests */ = {
			isa = PBXGroup;
			children = (
				C6C5CE952A745BD400C5CF02 /* Swift_BaseUITests.swift */,
				C6C5CE972A745BD400C5CF02 /* Swift_BaseUITestsLaunchTests.swift */,
			);
			path = Swift_BaseUITests;
			sourceTree = "<group>";
		};
		C6C5CEA62A745E3A00C5CF02 /* Resources */ = {
			isa = PBXGroup;
			children = (
				C6C5CEAD2A7461D900C5CF02 /* LaunchImage */,
				C6C5CE7D2A745BD400C5CF02 /* Assets.xcassets */,
				C6C5CE7F2A745BD400C5CF02 /* LaunchScreen.storyboard */,
				C6C5CE822A745BD400C5CF02 /* Info.plist */,
			);
			path = Resources;
			sourceTree = "<group>";
		};
		C6C5CEAD2A7461D900C5CF02 /* LaunchImage */ = {
			isa = PBXGroup;
			children = (
				C6C5CEA72A745E4700C5CF02 /* LaunchImage_1.png */,
			);
			path = LaunchImage;
			sourceTree = "<group>";
		};
		C6C5CEAE2A7463FB00C5CF02 /* SRC */ = {
			isa = PBXGroup;
			children = (
				C6C5CE742A745BD300C5CF02 /* AppDelegate.swift */,
				C6C5CEDF2A76958000C5CF02 /* AppDelegate+Extension.swift */,
				C6C5CEA42A745D8B00C5CF02 /* RootViewController.swift */,
				C6C5CF122A76FCA900C5CF02 /* HandyJsonViewController.swift */,
				C6C5CEA92A74619500C5CF02 /* Swift_Base-Bridging-Header.h */,
			);
			path = SRC;
			sourceTree = "<group>";
		};
		C6C5CEAF2A74C6D700C5CF02 /* PublicConfigs基础配置 */ = {
			isa = PBXGroup;
			children = (
				C6C5CEDE2A7612C000C5CF02 /* PublicConfigs_README.md */,
				C6C5CEB02A74C73200C5CF02 /* RDLog.swift */,
				C6C5CEB72A758A2100C5CF02 /* FrameMacro.swift */,
				C6C5CEB92A75CC5000C5CF02 /* DeviceInfo.swift */,
				C6C5CEBB2A75D1D200C5CF02 /* GlobalConfig.swift */,
				C6C5CEBD2A75D2E300C5CF02 /* ConfigFontColorMacro.swift */,
				C68CB6FC2CE7B367009F8A6A /* Mems.swift */,
				C68CB7002CE83119009F8A6A /* Singleton.swift */,
				C68CB75F2CE99F41009F8A6A /* AssertsManager.swift */,
			);
			path = "PublicConfigs基础配置";
			sourceTree = "<group>";
		};
		C6C5CEBF2A75D36600C5CF02 /* UIKit_Category */ = {
			isa = PBXGroup;
			children = (
				C6C5CEC22A75D46E00C5CF02 /* UIColor+Extension.swift */,
				C6C5CEC02A75D42900C5CF02 /* UIColor+DarkColor.swift */,
				C6C5CEC42A75D52600C5CF02 /* UIImage+DarkImage.swift */,
				C6C5CECA2A75D65200C5CF02 /* UIImage+Extension.swift */,
				C6C5CEC62A75D5DC00C5CF02 /* UIView+Extension.swift */,
			);
			path = UIKit_Category;
			sourceTree = "<group>";
		};
		C6C5CECE2A75D71500C5CF02 /* Foundation_Category */ = {
			isa = PBXGroup;
			children = (
				C6C5CEDB2A76055F00C5CF02 /* String+Extension.swift */,
				C6C5CECF2A75D73200C5CF02 /* NSString+Extension.swift */,
				C6EE3A542A8360E700A76C19 /* Collection+extension.swift */,
			);
			path = Foundation_Category;
			sourceTree = "<group>";
		};
		C6C5CED22A75D81700C5CF02 /* SnapKit */ = {
			isa = PBXGroup;
			children = (
				C6C5CED62A75D89500C5CF02 /* ConstraintArray+Extensions.swift */,
				C6C5CED72A75D89500C5CF02 /* ConstraintArrayDSL.swift */,
			);
			path = SnapKit;
			sourceTree = "<group>";
		};
		C6C5CED32A75D82300C5CF02 /* MBProgressHUD */ = {
			isa = PBXGroup;
			children = (
				C6C5CED42A75D84F00C5CF02 /* MBProgressHUD+Extension.swift */,
			);
			path = MBProgressHUD;
			sourceTree = "<group>";
		};
		C6C5CEDA2A75D8D400C5CF02 /* Category无耦合分类 */ = {
			isa = PBXGroup;
			children = (
				C6C5CEDD2A76120500C5CF02 /* Category_README.md */,
				C6C5CECE2A75D71500C5CF02 /* Foundation_Category */,
				C6C5CEBF2A75D36600C5CF02 /* UIKit_Category */,
			);
			path = "Category无耦合分类";
			sourceTree = "<group>";
		};
		C6C5CEE42A76A7F500C5CF02 /* RD_UIKit */ = {
			isa = PBXGroup;
			children = (
				C6C5CF2D2A7733D400C5CF02 /* Controllers */,
				C6C5CF682A7E315D00C5CF02 /* Table */,
				C6C5CF5D2A7C65EE00C5CF02 /* Collection */,
				C6C5CF2E2A77341000C5CF02 /* Views */,
			);
			path = RD_UIKit;
			sourceTree = "<group>";
		};
		C6C5CEE72A76A88400C5CF02 /* RD_Model */ = {
			isa = PBXGroup;
			children = (
				C6C5CEE82A76A8D700C5CF02 /* BaseModel.swift */,
				C6C5CEE52A76A82000C5CF02 /* JsonUtils.swift */,
				C6C5CEEA2A76A9D300C5CF02 /* JsonTool.swift */,
			);
			path = RD_Model;
			sourceTree = "<group>";
		};
		C6C5CEEC2A76AA0E00C5CF02 /* Tools */ = {
			isa = PBXGroup;
			children = (
				C6C5CF1C2A770F3F00C5CF02 /* JhProgressHUD */,
				C6C5CF082A76F99900C5CF02 /* Refresh */,
				C6C5CF012A76DBF100C5CF02 /* FPSLabel */,
				C6C5CED32A75D82300C5CF02 /* MBProgressHUD */,
				C6C5CED22A75D81700C5CF02 /* SnapKit */,
				C6C5CEED2A76AA2D00C5CF02 /* FileManagerTool.swift */,
				C6C5CEEF2A76AA6600C5CF02 /* CommonTool.swift */,
				C6C5CEF12A76AA8E00C5CF02 /* ReachabilityTool.swift */,
				C654370D2A80844700C304B4 /* Then.swift */,
			);
			path = Tools;
			sourceTree = "<group>";
		};
		C6C5CF012A76DBF100C5CF02 /* FPSLabel */ = {
			isa = PBXGroup;
			children = (
				C6C5CF032A76DBF100C5CF02 /* FPSLabel.h */,
				C6C5CF052A76DBF100C5CF02 /* FPSLabel.m */,
				C6C5CF042A76DBF100C5CF02 /* YYWeakProxy.h */,
				C6C5CF022A76DBF100C5CF02 /* YYWeakProxy.m */,
			);
			path = FPSLabel;
			sourceTree = "<group>";
		};
		C6C5CF082A76F99900C5CF02 /* Refresh */ = {
			isa = PBXGroup;
			children = (
				C6C5CF0B2A76F9AB00C5CF02 /* SelfRefreshGifHeader.h */,
				C6C5CF0C2A76F9AB00C5CF02 /* SelfRefreshGifHeader.m */,
				C6C5CF0A2A76F9AB00C5CF02 /* SelfRefreshBackGifFooter.h */,
				C6C5CF092A76F9AB00C5CF02 /* SelfRefreshBackGifFooter.m */,
				C6C5CF0F2A76FA1600C5CF02 /* SELFAutoStateFooter.h */,
				C6C5CF102A76FA1700C5CF02 /* SELFAutoStateFooter.m */,
				C6C5CF1A2A77031C00C5CF02 /* Refresh.bundle */,
			);
			path = Refresh;
			sourceTree = "<group>";
		};
		C6C5CF1C2A770F3F00C5CF02 /* JhProgressHUD */ = {
			isa = PBXGroup;
			children = (
				C6C5CF1D2A770F3F00C5CF02 /* JhProgressHUD.m */,
				C6C5CF1E2A770F3F00C5CF02 /* JhProgressHUD.h */,
				C6C5CF1F2A770F3F00C5CF02 /* JhProgressHUD.bundle */,
			);
			path = JhProgressHUD;
			sourceTree = "<group>";
		};
		C6C5CF2D2A7733D400C5CF02 /* Controllers */ = {
			isa = PBXGroup;
			children = (
				C6C5CF422A7738D700C5CF02 /* NavigationController.swift */,
				C6C5CF4D2A78497700C5CF02 /* BaseViewController.swift */,
				C6C5CF4B2A78458300C5CF02 /* ConfigVersion.swift */,
			);
			path = Controllers;
			sourceTree = "<group>";
		};
		C6C5CF2E2A77341000C5CF02 /* Views */ = {
			isa = PBXGroup;
			children = (
				C6EE3A812A873F6B00A76C19 /* NibLoadable.swift */,
				C6C5CEC82A75D61100C5CF02 /* UIBarButtonItem+Extension.swift */,
				C6C5CEE22A76A5A200C5CF02 /* SystemAlertTool.swift */,
				C6C5CF232A77109800C5CF02 /* RDActionSheet.swift */,
			);
			path = Views;
			sourceTree = "<group>";
		};
		C6C5CF2F2A77342100C5CF02 /* ProjectDemo */ = {
			isa = PBXGroup;
			children = (
				C6C5CF322A7734D500C5CF02 /* BaseTabBarController.swift */,
				C68CB76D2CECE0C1009F8A6A /* WS_TabBar.swift */,
				C6C5CF482A776A5900C5CF02 /* Tab1 */,
				C6C5CF472A776A5300C5CF02 /* Tab2 */,
				C6C5CF462A776A4D00C5CF02 /* Tab3 */,
				C6C5CF452A776A4300C5CF02 /* Tab4 */,
				C6C5CF442A776A2900C5CF02 /* Tab5 */,
			);
			path = ProjectDemo;
			sourceTree = "<group>";
		};
		C6C5CF442A776A2900C5CF02 /* Tab5 */ = {
			isa = PBXGroup;
			children = (
				C6C5CF402A77369100C5CF02 /* FiveTabViewController.swift */,
				C6C5CF492A77714500C5CF02 /* SettingViewController.swift */,
			);
			path = Tab5;
			sourceTree = "<group>";
		};
		C6C5CF452A776A4300C5CF02 /* Tab4 */ = {
			isa = PBXGroup;
			children = (
				C6C5CF3E2A77367900C5CF02 /* FourTabViewController.swift */,
			);
			path = Tab4;
			sourceTree = "<group>";
		};
		C6C5CF462A776A4D00C5CF02 /* Tab3 */ = {
			isa = PBXGroup;
			children = (
				C6C5CF3C2A77366800C5CF02 /* ThreeTabViewController.swift */,
			);
			path = Tab3;
			sourceTree = "<group>";
		};
		C6C5CF472A776A5300C5CF02 /* Tab2 */ = {
			isa = PBXGroup;
			children = (
				C6C5CF362A7735DB00C5CF02 /* TwoTabViewController.swift */,
				C6EE3A832A88ABF900A76C19 /* 链式 + TableView - SwiftyJSON */,
				C6EE3A8D2A89399500A76C19 /* 链式 + TableView - HandyJSON + 动态高度 */,
				C6B8C4E52A89ED100080F9B4 /* New Group */,
				C6EE3A8E2A8939DB00A76C19 /* 封装的网络Pods */,
				C6EE3A572A84DC1B00A76C19 /* 废弃的网络tableView目录 */,
			);
			path = Tab2;
			sourceTree = "<group>";
		};
		C6C5CF482A776A5900C5CF02 /* Tab1 */ = {
			isa = PBXGroup;
			children = (
				C6C5CF342A7735C200C5CF02 /* OneTabViewController.swift */,
				C6B57FEC2CF087DF00794CF1 /* 反射 */,
				C6EE3A562A84DBD200A76C19 /* 基础控件Demo */,
				C6EE3A622A85E4B400A76C19 /* Tableview集合 */,
				C6C5CF6B2A7E325E00C5CF02 /* Collection集合 */,
				C68CB74A2CE83A08009F8A6A /* Swift调用OC */,
				C68CB7552CE854D5009F8A6A /* OC调用Swift */,
				C68CB7522CE83FB1009F8A6A /* 多线程 */,
				C68CB76A2CEB7CEE009F8A6A /* 函数式编程 */,
				C67C41822CED734200DE4723 /* 面向协议编程 */,
				C67C418E2CEE289F00DE4723 /* 响应式编程 */,
			);
			path = Tab1;
			sourceTree = "<group>";
		};
		C6C5CF582A7B088900C5CF02 /* ExampleList */ = {
			isa = PBXGroup;
			children = (
				C6C5CF592A7B08F300C5CF02 /* ExampleUI_ViewController.swift */,
				C6C5CF5B2A7B9C1A00C5CF02 /* AlertUIViewController.swift */,
				C6EE3A5B2A84DD1100A76C19 /* FPSViewController.swift */,
			);
			path = ExampleList;
			sourceTree = "<group>";
		};
		C6C5CF5D2A7C65EE00C5CF02 /* Collection */ = {
			isa = PBXGroup;
			children = (
				C6C5CF622A7D03CE00C5CF02 /* BaseCollectionView.swift */,
				C6C5CF642A7D0B0500C5CF02 /* BaseCollectionViewCell.swift */,
				C6C5CF602A7D011A00C5CF02 /* BaseCollectionViewController.swift */,
			);
			path = Collection;
			sourceTree = "<group>";
		};
		C6C5CF682A7E315D00C5CF02 /* Table */ = {
			isa = PBXGroup;
			children = (
				C6EE3A652A85F19600A76C19 /* RDEmptyData.bundle */,
				C6C5CF522A7ADB3A00C5CF02 /* BaseTableViewController.swift */,
				C6C5CF542A7ADFB100C5CF02 /* BaseTableView.swift */,
				C6C5CECC2A75D67800C5CF02 /* UITableView+Extension.swift */,
			);
			path = Table;
			sourceTree = "<group>";
		};
		C6C5CF6B2A7E325E00C5CF02 /* Collection集合 */ = {
			isa = PBXGroup;
			children = (
				C6C5CF692A7E325300C5CF02 /* CollectListViewController.swift */,
				C65437082A80816400C304B4 /* BasicUse */,
				C65437092A80817E00C304B4 /* NineGrid */,
				C654370A2A80818B00C304B4 /* SessionBackImageSection */,
				C65437112A8203CB00C304B4 /* WaterFlow */,
			);
			path = "Collection集合";
			sourceTree = "<group>";
		};
		C6EE3A562A84DBD200A76C19 /* 基础控件Demo */ = {
			isa = PBXGroup;
			children = (
				C6C5CF562A7B024B00C5CF02 /* DemoListViewController.swift */,
				C6C5CF582A7B088900C5CF02 /* ExampleList */,
			);
			path = "基础控件Demo";
			sourceTree = "<group>";
		};
		C6EE3A572A84DC1B00A76C19 /* 废弃的网络tableView目录 */ = {
			isa = PBXGroup;
			children = (
				C6EE3A582A84DC6300A76C19 /* NetWorkingListViewController.swift */,
			);
			path = "废弃的网络tableView目录";
			sourceTree = "<group>";
		};
		C6EE3A622A85E4B400A76C19 /* Tableview集合 */ = {
			isa = PBXGroup;
			children = (
				C6EE3A632A85EB1900A76C19 /* TableListViewController.swift */,
				C6EE3A672A85F46700A76C19 /* XIB */,
			);
			path = "Tableview集合";
			sourceTree = "<group>";
		};
		C6EE3A672A85F46700A76C19 /* XIB */ = {
			isa = PBXGroup;
			children = (
				C6EE3A682A864A1400A76C19 /* TableXIBViewController.swift */,
				C6EE3A6C2A864ADE00A76C19 /* XIBExampleCell.swift */,
				C6EE3A6D2A864ADE00A76C19 /* XIBExampleCell.xib */,
				C6EE3A7D2A86927700A76C19 /* XIBTableHeaderView.swift */,
				C6EE3A7F2A86927F00A76C19 /* XIBTableHeaderView.xib */,
			);
			path = XIB;
			sourceTree = "<group>";
		};
		C6EE3A832A88ABF900A76C19 /* 链式 + TableView - SwiftyJSON */ = {
			isa = PBXGroup;
			children = (
				C6EE3A842A88AEEE00A76C19 /* Table_SwiftyJSON_VC.swift */,
			);
			path = "链式 + TableView - SwiftyJSON";
			sourceTree = "<group>";
		};
		C6EE3A882A88E8BA00A76C19 /* Moya */ = {
			isa = PBXGroup;
			children = (
				C6EE3A862A88D9E000A76C19 /* NetAPIManager.swift */,
				C6EE3A892A88E8F700A76C19 /* MoyaHttpTool.swift */,
				C6EE3A8B2A88E91F00A76C19 /* MoyaConfig.swift */,
			);
			path = Moya;
			sourceTree = "<group>";
		};
		C6EE3A8D2A89399500A76C19 /* 链式 + TableView - HandyJSON + 动态高度 */ = {
			isa = PBXGroup;
			children = (
				C6EE3A922A893AB100A76C19 /* Table_HandyJSON_VC.swift */,
				C6EE3A942A893D8B00A76C19 /* HandyJsonModel.swift */,
			);
			path = "链式 + TableView - HandyJSON + 动态高度";
			sourceTree = "<group>";
		};
		C6EE3A8E2A8939DB00A76C19 /* 封装的网络Pods */ = {
			isa = PBXGroup;
			children = (
				C6EE3A8F2A8939FC00A76C19 /* 链式 */,
				C6EE3A882A88E8BA00A76C19 /* Moya */,
			);
			path = "封装的网络Pods";
			sourceTree = "<group>";
		};
		C6EE3A8F2A8939FC00A76C19 /* 链式 */ = {
			isa = PBXGroup;
			children = (
				C6EE3A602A85C86400A76C19 /* ChainProgrammingNetWorkKit.swift */,
			);
			path = "链式";
			sourceTree = "<group>";
		};
		D956914C5C9F306AEEBF4E78 /* Frameworks */ = {
			isa = PBXGroup;
			children = (
				7933B4EB486844E5F32EC5A4 /* Pods_Swift_Base.framework */,
			);
			name = Frameworks;
			sourceTree = "<group>";
		};
/* End PBXGroup section */

/* Begin PBXNativeTarget section */
		C6C5CE702A745BD300C5CF02 /* Swift_Base */ = {
			isa = PBXNativeTarget;
			buildConfigurationList = C6C5CE9B2A745BD400C5CF02 /* Build configuration list for PBXNativeTarget "Swift_Base" */;
			buildPhases = (
				57176FAED9F0C949456ED477 /* [CP] Check Pods Manifest.lock */,
				C6C5CE6D2A745BD300C5CF02 /* Sources */,
				C6C5CE6E2A745BD300C5CF02 /* Frameworks */,
				C6C5CE6F2A745BD300C5CF02 /* Resources */,
				7B641F045103BC15176BAFB6 /* [CP] Embed Pods Frameworks */,
			);
			buildRules = (
			);
			dependencies = (
			);
			name = Swift_Base;
			productName = Swift_Base;
			productReference = C6C5CE712A745BD300C5CF02 /* Swift_Base.app */;
			productType = "com.apple.product-type.application";
		};
		C6C5CE862A745BD400C5CF02 /* Swift_BaseTests */ = {
			isa = PBXNativeTarget;
			buildConfigurationList = C6C5CE9E2A745BD400C5CF02 /* Build configuration list for PBXNativeTarget "Swift_BaseTests" */;
			buildPhases = (
				C6C5CE832A745BD400C5CF02 /* Sources */,
				C6C5CE842A745BD400C5CF02 /* Frameworks */,
				C6C5CE852A745BD400C5CF02 /* Resources */,
			);
			buildRules = (
			);
			dependencies = (
				C6C5CE892A745BD400C5CF02 /* PBXTargetDependency */,
			);
			name = Swift_BaseTests;
			productName = Swift_BaseTests;
			productReference = C6C5CE872A745BD400C5CF02 /* Swift_BaseTests.xctest */;
			productType = "com.apple.product-type.bundle.unit-test";
		};
		C6C5CE902A745BD400C5CF02 /* Swift_BaseUITests */ = {
			isa = PBXNativeTarget;
			buildConfigurationList = C6C5CEA12A745BD400C5CF02 /* Build configuration list for PBXNativeTarget "Swift_BaseUITests" */;
			buildPhases = (
				C6C5CE8D2A745BD400C5CF02 /* Sources */,
				C6C5CE8E2A745BD400C5CF02 /* Frameworks */,
				C6C5CE8F2A745BD400C5CF02 /* Resources */,
			);
			buildRules = (
			);
			dependencies = (
				C6C5CE932A745BD400C5CF02 /* PBXTargetDependency */,
			);
			name = Swift_BaseUITests;
			productName = Swift_BaseUITests;
			productReference = C6C5CE912A745BD400C5CF02 /* Swift_BaseUITests.xctest */;
			productType = "com.apple.product-type.bundle.ui-testing";
		};
/* End PBXNativeTarget section */

/* Begin PBXProject section */
		C6C5CE692A745BD300C5CF02 /* Project object */ = {
			isa = PBXProject;
			attributes = {
				BuildIndependentTargetsInParallel = 1;
				LastSwiftUpdateCheck = 1400;
				LastUpgradeCheck = 1400;
				TargetAttributes = {
					C6C5CE702A745BD300C5CF02 = {
						CreatedOnToolsVersion = 14.0;
						LastSwiftMigration = 1400;
					};
					C6C5CE862A745BD400C5CF02 = {
						CreatedOnToolsVersion = 14.0;
						TestTargetID = C6C5CE702A745BD300C5CF02;
					};
					C6C5CE902A745BD400C5CF02 = {
						CreatedOnToolsVersion = 14.0;
						TestTargetID = C6C5CE702A745BD300C5CF02;
					};
				};
			};
			buildConfigurationList = C6C5CE6C2A745BD300C5CF02 /* Build configuration list for PBXProject "Swift_Base" */;
			compatibilityVersion = "Xcode 14.0";
			developmentRegion = en;
			hasScannedForEncodings = 0;
			knownRegions = (
				en,
				Base,
			);
			mainGroup = C6C5CE682A745BD300C5CF02;
			productRefGroup = C6C5CE722A745BD300C5CF02 /* Products */;
			projectDirPath = "";
			projectRoot = "";
			targets = (
				C6C5CE702A745BD300C5CF02 /* Swift_Base */,
				C6C5CE862A745BD400C5CF02 /* Swift_BaseTests */,
				C6C5CE902A745BD400C5CF02 /* Swift_BaseUITests */,
			);
		};
/* End PBXProject section */

/* Begin PBXResourcesBuildPhase section */
		C6C5CE6F2A745BD300C5CF02 /* Resources */ = {
			isa = PBXResourcesBuildPhase;
			buildActionMask = 2147483647;
			files = (
				C6C5CE812A745BD400C5CF02 /* LaunchScreen.storyboard in Resources */,
				C6C5CF1B2A77031C00C5CF02 /* Refresh.bundle in Resources */,
				C6EE3A6F2A864ADE00A76C19 /* XIBExampleCell.xib in Resources */,
				C6EE3A662A85F19600A76C19 /* RDEmptyData.bundle in Resources */,
				C6C5CF212A770F3F00C5CF02 /* JhProgressHUD.bundle in Resources */,
				C6C5CE7E2A745BD400C5CF02 /* Assets.xcassets in Resources */,
				C6C5CEA82A745E4700C5CF02 /* LaunchImage_1.png in Resources */,
				C6C5CF712A7E347B00C5CF02 /* DemoCollectionViewCell.xib in Resources */,
				C6EE3A802A86927F00A76C19 /* XIBTableHeaderView.xib in Resources */,
				C6B519852CEF261300794CF1 /* ReactiveProgrammingViewController.xib in Resources */,
			);
			runOnlyForDeploymentPostprocessing = 0;
		};
		C6C5CE852A745BD400C5CF02 /* Resources */ = {
			isa = PBXResourcesBuildPhase;
			buildActionMask = 2147483647;
			files = (
			);
			runOnlyForDeploymentPostprocessing = 0;
		};
		C6C5CE8F2A745BD400C5CF02 /* Resources */ = {
			isa = PBXResourcesBuildPhase;
			buildActionMask = 2147483647;
			files = (
			);
			runOnlyForDeploymentPostprocessing = 0;
		};
/* End PBXResourcesBuildPhase section */

/* Begin PBXShellScriptBuildPhase section */
		57176FAED9F0C949456ED477 /* [CP] Check Pods Manifest.lock */ = {
			isa = PBXShellScriptBuildPhase;
			buildActionMask = 2147483647;
			files = (
			);
			inputFileListPaths = (
			);
			inputPaths = (
				"${PODS_PODFILE_DIR_PATH}/Podfile.lock",
				"${PODS_ROOT}/Manifest.lock",
			);
			name = "[CP] Check Pods Manifest.lock";
			outputFileListPaths = (
			);
			outputPaths = (
				"$(DERIVED_FILE_DIR)/Pods-Swift_Base-checkManifestLockResult.txt",
			);
			runOnlyForDeploymentPostprocessing = 0;
			shellPath = /bin/sh;
			shellScript = "diff \"${PODS_PODFILE_DIR_PATH}/Podfile.lock\" \"${PODS_ROOT}/Manifest.lock\" > /dev/null\nif [ $? != 0 ] ; then\n    # print error to STDERR\n    echo \"error: The sandbox is not in sync with the Podfile.lock. Run 'pod install' or update your CocoaPods installation.\" >&2\n    exit 1\nfi\n# This output is used by Xcode 'outputs' to avoid re-running this script phase.\necho \"SUCCESS\" > \"${SCRIPT_OUTPUT_FILE_0}\"\n";
			showEnvVarsInLog = 0;
		};
		7B641F045103BC15176BAFB6 /* [CP] Embed Pods Frameworks */ = {
			isa = PBXShellScriptBuildPhase;
			buildActionMask = 2147483647;
			files = (
			);
			inputFileListPaths = (
				"${PODS_ROOT}/Target Support Files/Pods-Swift_Base/Pods-Swift_Base-frameworks-${CONFIGURATION}-input-files.xcfilelist",
			);
			name = "[CP] Embed Pods Frameworks";
			outputFileListPaths = (
				"${PODS_ROOT}/Target Support Files/Pods-Swift_Base/Pods-Swift_Base-frameworks-${CONFIGURATION}-output-files.xcfilelist",
			);
			runOnlyForDeploymentPostprocessing = 0;
			shellPath = /bin/sh;
			shellScript = "\"${PODS_ROOT}/Target Support Files/Pods-Swift_Base/Pods-Swift_Base-frameworks.sh\"\n";
			showEnvVarsInLog = 0;
		};
/* End PBXShellScriptBuildPhase section */

/* Begin PBXSourcesBuildPhase section */
		C6C5CE6D2A745BD300C5CF02 /* Sources */ = {
			isa = PBXSourcesBuildPhase;
			buildActionMask = 2147483647;
			files = (
				C6C5CEBA2A75CC5000C5CF02 /* DeviceInfo.swift in Sources */,
				C6EE3A552A8360E700A76C19 /* Collection+extension.swift in Sources */,
				C6C5CF652A7D0B0500C5CF02 /* BaseCollectionViewCell.swift in Sources */,
				C65437012A7E7C8F00C304B4 /* NineGridFlowLayout.swift in Sources */,
				C6C5CEEB2A76A9D300C5CF02 /* JsonTool.swift in Sources */,
				C6EE3A6E2A864ADE00A76C19 /* XIBExampleCell.swift in Sources */,
				C68CB7622CE9A5B1009F8A6A /* WS_Cache.swift in Sources */,
				C6C5CEF22A76AA8E00C5CF02 /* ReachabilityTool.swift in Sources */,
				C6C5CEDC2A76055F00C5CF02 /* String+Extension.swift in Sources */,
				C68CB6FF2CE7B3EB009F8A6A /* WS_Async.swift in Sources */,
				C6C5CF0D2A76F9AC00C5CF02 /* SelfRefreshBackGifFooter.m in Sources */,
				C6C5CEC72A75D5DC00C5CF02 /* UIView+Extension.swift in Sources */,
				C6C5CEB12A74C73200C5CF02 /* RDLog.swift in Sources */,
				C654370E2A80844700C304B4 /* Then.swift in Sources */,
				C6C5CEB32A74E11900C5CF02 /* UIWindow+Extension.swift in Sources */,
				C6EE3A642A85EB1900A76C19 /* TableListViewController.swift in Sources */,
				C6EE3A4F2A8225D200A76C19 /* WaterflowCell.swift in Sources */,
				C6C5CF632A7D03CE00C5CF02 /* BaseCollectionView.swift in Sources */,
				C6C5CF612A7D011A00C5CF02 /* BaseCollectionViewController.swift in Sources */,
				C6EE3A7E2A86927700A76C19 /* XIBTableHeaderView.swift in Sources */,
				C6C5CEE62A76A82000C5CF02 /* JsonUtils.swift in Sources */,
				C6C5CED02A75D73200C5CF02 /* NSString+Extension.swift in Sources */,
				C6EE3A8A2A88E8F700A76C19 /* MoyaHttpTool.swift in Sources */,
				C65437032A7FC74000C304B4 /* SectionBackgroundReusableView.swift in Sources */,
				C6C5CF6D2A7E330400C5CF02 /* EasyCollectionViewController.swift in Sources */,
				C6C5CEE02A76958000C5CF02 /* AppDelegate+Extension.swift in Sources */,
				C65437072A80811B00C304B4 /* SessionBackImageSectionViewController.swift in Sources */,
				C6C5CEC52A75D52600C5CF02 /* UIImage+DarkImage.swift in Sources */,
				C6C5CF6A2A7E325300C5CF02 /* CollectListViewController.swift in Sources */,
				C6C5CF352A7735C200C5CF02 /* OneTabViewController.swift in Sources */,
				C6C5CEE92A76A8D700C5CF02 /* BaseModel.swift in Sources */,
				C6EE3A5C2A84DD1100A76C19 /* FPSViewController.swift in Sources */,
				C6EE3A852A88AEEE00A76C19 /* Table_SwiftyJSON_VC.swift in Sources */,
				C6C5CEC32A75D46E00C5CF02 /* UIColor+Extension.swift in Sources */,
				C6C5CEB82A758A2100C5CF02 /* FrameMacro.swift in Sources */,
				C6C5CF532A7ADB3A00C5CF02 /* BaseTableViewController.swift in Sources */,
				C6EE3A872A88D9E000A76C19 /* NetAPIManager.swift in Sources */,
				C6C5CF062A76DBF200C5CF02 /* YYWeakProxy.m in Sources */,
				C6C5CF412A77369100C5CF02 /* FiveTabViewController.swift in Sources */,
				C6C5CF5A2A7B08F300C5CF02 /* ExampleUI_ViewController.swift in Sources */,
				C6C5CF242A77109900C5CF02 /* RDActionSheet.swift in Sources */,
				C68CB76E2CECE0C1009F8A6A /* WS_TabBar.swift in Sources */,
				C67C41852CED735B00DE4723 /* StringTool.swift in Sources */,
				C67C41862CED735B00DE4723 /* ExtensionCompatible.swift in Sources */,
				C6C5CF072A76DBF200C5CF02 /* FPSLabel.m in Sources */,
				C6EE3A932A893AB100A76C19 /* Table_HandyJSON_VC.swift in Sources */,
				C6C5CEBE2A75D2E300C5CF02 /* ConfigFontColorMacro.swift in Sources */,
				C6C5CF572A7B024B00C5CF02 /* DemoListViewController.swift in Sources */,
				C6C5CF432A7738D700C5CF02 /* NavigationController.swift in Sources */,
				C6C5CEBC2A75D1D200C5CF02 /* GlobalConfig.swift in Sources */,
				C6C5CEEE2A76AA2D00C5CF02 /* FileManagerTool.swift in Sources */,
				C6C5CEB52A74E2D000C5CF02 /* Toast.swift in Sources */,
				C6C5CF332A7734D500C5CF02 /* BaseTabBarController.swift in Sources */,
				C6C5CED52A75D84F00C5CF02 /* MBProgressHUD+Extension.swift in Sources */,
				C6C5CEC92A75D61100C5CF02 /* UIBarButtonItem+Extension.swift in Sources */,
				C6EE3A532A834EA100A76C19 /* WaterFallFlowLayout.swift in Sources */,
				C6C5CF4E2A78497700C5CF02 /* BaseViewController.swift in Sources */,
				C6B8C4E72A89ED8A0080F9B4 /* Table_ObjectMapper_Moya.swift in Sources */,
				C65436FF2A7E475A00C304B4 /* NineGridViewController.swift in Sources */,
				C6C5CEC12A75D42900C5CF02 /* UIColor+DarkColor.swift in Sources */,
				C6C5CED92A75D89600C5CF02 /* ConstraintArrayDSL.swift in Sources */,
				C6EE3A612A85C86400A76C19 /* ChainProgrammingNetWorkKit.swift in Sources */,
				C6C5CF3F2A77367900C5CF02 /* FourTabViewController.swift in Sources */,
				C68CB7542CE83FE9009F8A6A /* MultithreadingViewController.swift in Sources */,
				C6C5CF4C2A78458300C5CF02 /* ConfigVersion.swift in Sources */,
				C6B57FEE2CF087FA00794CF1 /* MirrorViewController.swift in Sources */,
				C6C5CF5C2A7B9C1A00C5CF02 /* AlertUIViewController.swift in Sources */,
				C6EE3A822A873F6B00A76C19 /* NibLoadable.swift in Sources */,
				C6C5CECB2A75D65200C5CF02 /* UIImage+Extension.swift in Sources */,
				C67C418D2CED766C00DE4723 /* POPViewController.swift in Sources */,
				C6C5CF702A7E347B00C5CF02 /* DemoCollectionViewCell.swift in Sources */,
				C6C5CF372A7735DB00C5CF02 /* TwoTabViewController.swift in Sources */,
				C6C5CED82A75D89500C5CF02 /* ConstraintArray+Extensions.swift in Sources */,
				C6C5CF112A76FA1700C5CF02 /* SELFAutoStateFooter.m in Sources */,
				C6C5CEA52A745D8B00C5CF02 /* RootViewController.swift in Sources */,
				C67C41892CED746C00DE4723 /* TypeJudge.swift in Sources */,
				C67C418A2CED746C00DE4723 /* UIColorTool.swift in Sources */,
				C6EE3A952A893D8B00A76C19 /* HandyJsonModel.swift in Sources */,
				C6C5CE752A745BD300C5CF02 /* AppDelegate.swift in Sources */,
				C6EE3A592A84DC6300A76C19 /* NetWorkingListViewController.swift in Sources */,
				C67C41902CEE28C500DE4723 /* ReactiveProgrammingViewController.swift in Sources */,
				C6EE3A692A864A1400A76C19 /* TableXIBViewController.swift in Sources */,
				C65437052A8080E800C304B4 /* SectionDecorationLayout.swift in Sources */,
				C68CB7602CE99F41009F8A6A /* AssertsManager.swift in Sources */,
				C654370C2A80829D00C304B4 /* ContentCell.swift in Sources */,
				C6EE3A512A8248F900A76C19 /* WaterFallModelHandle.swift in Sources */,
				C6C5CF3D2A77366800C5CF02 /* ThreeTabViewController.swift in Sources */,
				C6C5CF202A770F3F00C5CF02 /* JhProgressHUD.m in Sources */,
				C68CB7012CE83119009F8A6A /* Singleton.swift in Sources */,
				C6EE3A8C2A88E91F00A76C19 /* MoyaConfig.swift in Sources */,
				C65437102A80D90800C304B4 /* ImageReusableView.swift in Sources */,
				C6C5CEE32A76A5A200C5CF02 /* SystemAlertTool.swift in Sources */,
				C68CB74F2CE83B2C009F8A6A /* Swift_Call_OC_ViewController.swift in Sources */,
				C68CB7692CEB7CDF009F8A6A /* FuntionalProgrammingViewController.swift in Sources */,
				C6C5CF552A7ADFB100C5CF02 /* BaseTableView.swift in Sources */,
				C68CB74D2CE83A24009F8A6A /* WS_Person.m in Sources */,
				C6C5CF4A2A77714500C5CF02 /* SettingViewController.swift in Sources */,
				C6C5CEF02A76AA6600C5CF02 /* CommonTool.swift in Sources */,
				C68CB75A2CE8564A009F8A6A /* OC_Call_Swift_ViewController.m in Sources */,
				C68CB7512CE83D47009F8A6A /* Car.swift in Sources */,
				C65437132A82043000C304B4 /* WaterflowCollectionViewController.swift in Sources */,
				C6C5CF0E2A76F9AC00C5CF02 /* SelfRefreshGifHeader.m in Sources */,
				C68CB6FD2CE7B367009F8A6A /* Mems.swift in Sources */,
				C6C5CF132A76FCA900C5CF02 /* HandyJsonViewController.swift in Sources */,
				C6C5CECD2A75D67800C5CF02 /* UITableView+Extension.swift in Sources */,
			);
			runOnlyForDeploymentPostprocessing = 0;
		};
		C6C5CE832A745BD400C5CF02 /* Sources */ = {
			isa = PBXSourcesBuildPhase;
			buildActionMask = 2147483647;
			files = (
				C6C5CE8C2A745BD400C5CF02 /* Swift_BaseTests.swift in Sources */,
			);
			runOnlyForDeploymentPostprocessing = 0;
		};
		C6C5CE8D2A745BD400C5CF02 /* Sources */ = {
			isa = PBXSourcesBuildPhase;
			buildActionMask = 2147483647;
			files = (
				C6C5CE962A745BD400C5CF02 /* Swift_BaseUITests.swift in Sources */,
				C6C5CE982A745BD400C5CF02 /* Swift_BaseUITestsLaunchTests.swift in Sources */,
			);
			runOnlyForDeploymentPostprocessing = 0;
		};
/* End PBXSourcesBuildPhase section */

/* Begin PBXTargetDependency section */
		C6C5CE892A745BD400C5CF02 /* PBXTargetDependency */ = {
			isa = PBXTargetDependency;
			target = C6C5CE702A745BD300C5CF02 /* Swift_Base */;
			targetProxy = C6C5CE882A745BD400C5CF02 /* PBXContainerItemProxy */;
		};
		C6C5CE932A745BD400C5CF02 /* PBXTargetDependency */ = {
			isa = PBXTargetDependency;
			target = C6C5CE702A745BD300C5CF02 /* Swift_Base */;
			targetProxy = C6C5CE922A745BD400C5CF02 /* PBXContainerItemProxy */;
		};
/* End PBXTargetDependency section */

/* Begin PBXVariantGroup section */
		C6C5CE7F2A745BD400C5CF02 /* LaunchScreen.storyboard */ = {
			isa = PBXVariantGroup;
			children = (
				C6C5CE802A745BD400C5CF02 /* Base */,
			);
			name = LaunchScreen.storyboard;
			sourceTree = "<group>";
		};
/* End PBXVariantGroup section */

/* Begin XCBuildConfiguration section */
		C6C5CE992A745BD400C5CF02 /* Debug */ = {
			isa = XCBuildConfiguration;
			buildSettings = {
				ALWAYS_SEARCH_USER_PATHS = NO;
				CLANG_ANALYZER_NONNULL = YES;
				CLANG_ANALYZER_NUMBER_OBJECT_CONVERSION = YES_AGGRESSIVE;
				CLANG_CXX_LANGUAGE_STANDARD = "gnu++20";
				CLANG_ENABLE_MODULES = YES;
				CLANG_ENABLE_OBJC_ARC = YES;
				CLANG_ENABLE_OBJC_WEAK = YES;
				CLANG_WARN_BLOCK_CAPTURE_AUTORELEASING = YES;
				CLANG_WARN_BOOL_CONVERSION = YES;
				CLANG_WARN_COMMA = YES;
				CLANG_WARN_CONSTANT_CONVERSION = YES;
				CLANG_WARN_DEPRECATED_OBJC_IMPLEMENTATIONS = YES;
				CLANG_WARN_DIRECT_OBJC_ISA_USAGE = YES_ERROR;
				CLANG_WARN_DOCUMENTATION_COMMENTS = YES;
				CLANG_WARN_EMPTY_BODY = YES;
				CLANG_WARN_ENUM_CONVERSION = YES;
				CLANG_WARN_INFINITE_RECURSION = YES;
				CLANG_WARN_INT_CONVERSION = YES;
				CLANG_WARN_NON_LITERAL_NULL_CONVERSION = YES;
				CLANG_WARN_OBJC_IMPLICIT_RETAIN_SELF = YES;
				CLANG_WARN_OBJC_LITERAL_CONVERSION = YES;
				CLANG_WARN_OBJC_ROOT_CLASS = YES_ERROR;
				CLANG_WARN_QUOTED_INCLUDE_IN_FRAMEWORK_HEADER = YES;
				CLANG_WARN_RANGE_LOOP_ANALYSIS = YES;
				CLANG_WARN_STRICT_PROTOTYPES = YES;
				CLANG_WARN_SUSPICIOUS_MOVE = YES;
				CLANG_WARN_UNGUARDED_AVAILABILITY = YES_AGGRESSIVE;
				CLANG_WARN_UNREACHABLE_CODE = YES;
				CLANG_WARN__DUPLICATE_METHOD_MATCH = YES;
				COPY_PHASE_STRIP = NO;
				DEBUG_INFORMATION_FORMAT = dwarf;
				ENABLE_STRICT_OBJC_MSGSEND = YES;
				ENABLE_TESTABILITY = YES;
				GCC_C_LANGUAGE_STANDARD = gnu11;
				GCC_DYNAMIC_NO_PIC = NO;
				GCC_NO_COMMON_BLOCKS = YES;
				GCC_OPTIMIZATION_LEVEL = 0;
				GCC_PREPROCESSOR_DEFINITIONS = (
					"DEBUG=1",
					"$(inherited)",
				);
				GCC_WARN_64_TO_32_BIT_CONVERSION = YES;
				GCC_WARN_ABOUT_RETURN_TYPE = YES_ERROR;
				GCC_WARN_UNDECLARED_SELECTOR = YES;
				GCC_WARN_UNINITIALIZED_AUTOS = YES_AGGRESSIVE;
				GCC_WARN_UNUSED_FUNCTION = YES;
				GCC_WARN_UNUSED_VARIABLE = YES;
				IPHONEOS_DEPLOYMENT_TARGET = 16.0;
				MTL_ENABLE_DEBUG_INFO = INCLUDE_SOURCE;
				MTL_FAST_MATH = YES;
				ONLY_ACTIVE_ARCH = YES;
				SDKROOT = iphoneos;
				SWIFT_ACTIVE_COMPILATION_CONDITIONS = DEBUG;
				SWIFT_OPTIMIZATION_LEVEL = "-Onone";
			};
			name = Debug;
		};
		C6C5CE9A2A745BD400C5CF02 /* Release */ = {
			isa = XCBuildConfiguration;
			buildSettings = {
				ALWAYS_SEARCH_USER_PATHS = NO;
				CLANG_ANALYZER_NONNULL = YES;
				CLANG_ANALYZER_NUMBER_OBJECT_CONVERSION = YES_AGGRESSIVE;
				CLANG_CXX_LANGUAGE_STANDARD = "gnu++20";
				CLANG_ENABLE_MODULES = YES;
				CLANG_ENABLE_OBJC_ARC = YES;
				CLANG_ENABLE_OBJC_WEAK = YES;
				CLANG_WARN_BLOCK_CAPTURE_AUTORELEASING = YES;
				CLANG_WARN_BOOL_CONVERSION = YES;
				CLANG_WARN_COMMA = YES;
				CLANG_WARN_CONSTANT_CONVERSION = YES;
				CLANG_WARN_DEPRECATED_OBJC_IMPLEMENTATIONS = YES;
				CLANG_WARN_DIRECT_OBJC_ISA_USAGE = YES_ERROR;
				CLANG_WARN_DOCUMENTATION_COMMENTS = YES;
				CLANG_WARN_EMPTY_BODY = YES;
				CLANG_WARN_ENUM_CONVERSION = YES;
				CLANG_WARN_INFINITE_RECURSION = YES;
				CLANG_WARN_INT_CONVERSION = YES;
				CLANG_WARN_NON_LITERAL_NULL_CONVERSION = YES;
				CLANG_WARN_OBJC_IMPLICIT_RETAIN_SELF = YES;
				CLANG_WARN_OBJC_LITERAL_CONVERSION = YES;
				CLANG_WARN_OBJC_ROOT_CLASS = YES_ERROR;
				CLANG_WARN_QUOTED_INCLUDE_IN_FRAMEWORK_HEADER = YES;
				CLANG_WARN_RANGE_LOOP_ANALYSIS = YES;
				CLANG_WARN_STRICT_PROTOTYPES = YES;
				CLANG_WARN_SUSPICIOUS_MOVE = YES;
				CLANG_WARN_UNGUARDED_AVAILABILITY = YES_AGGRESSIVE;
				CLANG_WARN_UNREACHABLE_CODE = YES;
				CLANG_WARN__DUPLICATE_METHOD_MATCH = YES;
				COPY_PHASE_STRIP = NO;
				DEBUG_INFORMATION_FORMAT = "dwarf-with-dsym";
				ENABLE_NS_ASSERTIONS = NO;
				ENABLE_STRICT_OBJC_MSGSEND = YES;
				GCC_C_LANGUAGE_STANDARD = gnu11;
				GCC_NO_COMMON_BLOCKS = YES;
				GCC_WARN_64_TO_32_BIT_CONVERSION = YES;
				GCC_WARN_ABOUT_RETURN_TYPE = YES_ERROR;
				GCC_WARN_UNDECLARED_SELECTOR = YES;
				GCC_WARN_UNINITIALIZED_AUTOS = YES_AGGRESSIVE;
				GCC_WARN_UNUSED_FUNCTION = YES;
				GCC_WARN_UNUSED_VARIABLE = YES;
				IPHONEOS_DEPLOYMENT_TARGET = 16.0;
				MTL_ENABLE_DEBUG_INFO = NO;
				MTL_FAST_MATH = YES;
				SDKROOT = iphoneos;
				SWIFT_COMPILATION_MODE = wholemodule;
				SWIFT_OPTIMIZATION_LEVEL = "-O";
				VALIDATE_PRODUCT = YES;
			};
			name = Release;
		};
		C6C5CE9C2A745BD400C5CF02 /* Debug */ = {
			isa = XCBuildConfiguration;
			baseConfigurationReference = 1A5DD0A6AFC6C7FB94C9F4A4 /* Pods-Swift_Base.debug.xcconfig */;
			buildSettings = {
				ASSETCATALOG_COMPILER_APPICON_NAME = AppIcon;
				ASSETCATALOG_COMPILER_GLOBAL_ACCENT_COLOR_NAME = AccentColor;
				CLANG_ENABLE_MODULES = YES;
				CODE_SIGN_STYLE = Automatic;
				CURRENT_PROJECT_VERSION = 1;
				DEVELOPMENT_TEAM = 84H28UW6TN;
				GENERATE_INFOPLIST_FILE = YES;
				INFOPLIST_FILE = Swift_Base/Resources/Info.plist;
				INFOPLIST_KEY_UIApplicationSupportsIndirectInputEvents = YES;
				INFOPLIST_KEY_UILaunchStoryboardName = LaunchScreen;
				INFOPLIST_KEY_UISupportedInterfaceOrientations_iPad = "UIInterfaceOrientationPortrait UIInterfaceOrientationPortraitUpsideDown UIInterfaceOrientationLandscapeLeft UIInterfaceOrientationLandscapeRight";
				INFOPLIST_KEY_UISupportedInterfaceOrientations_iPhone = "UIInterfaceOrientationPortrait UIInterfaceOrientationLandscapeLeft UIInterfaceOrientationLandscapeRight";
				IPHONEOS_DEPLOYMENT_TARGET = 11.0;
				LD_RUNPATH_SEARCH_PATHS = (
					"$(inherited)",
					"@executable_path/Frameworks",
				);
				MARKETING_VERSION = 1.0;
				PRODUCT_BUNDLE_IDENTIFIER = "com.personal.Swift-Base";
				PRODUCT_NAME = "$(TARGET_NAME)";
				SUPPORTED_PLATFORMS = "iphoneos iphonesimulator";
				SUPPORTS_MACCATALYST = NO;
				SUPPORTS_MAC_DESIGNED_FOR_IPHONE_IPAD = NO;
				SWIFT_EMIT_LOC_STRINGS = YES;
				SWIFT_OBJC_BRIDGING_HEADER = "Swift_Base/SRC/Swift_Base-Bridging-Header.h";
				SWIFT_OPTIMIZATION_LEVEL = "-Onone";
				SWIFT_VERSION = 5.0;
				TARGETED_DEVICE_FAMILY = 1;
			};
			name = Debug;
		};
		C6C5CE9D2A745BD400C5CF02 /* Release */ = {
			isa = XCBuildConfiguration;
			baseConfigurationReference = B4A286F9C1BFE2A0885F7E4F /* Pods-Swift_Base.release.xcconfig */;
			buildSettings = {
				ASSETCATALOG_COMPILER_APPICON_NAME = AppIcon;
				ASSETCATALOG_COMPILER_GLOBAL_ACCENT_COLOR_NAME = AccentColor;
				CLANG_ENABLE_MODULES = YES;
				CODE_SIGN_STYLE = Automatic;
				CURRENT_PROJECT_VERSION = 1;
				DEVELOPMENT_TEAM = 84H28UW6TN;
				GENERATE_INFOPLIST_FILE = YES;
				INFOPLIST_FILE = Swift_Base/Resources/Info.plist;
				INFOPLIST_KEY_UIApplicationSupportsIndirectInputEvents = YES;
				INFOPLIST_KEY_UILaunchStoryboardName = LaunchScreen;
				INFOPLIST_KEY_UISupportedInterfaceOrientations_iPad = "UIInterfaceOrientationPortrait UIInterfaceOrientationPortraitUpsideDown UIInterfaceOrientationLandscapeLeft UIInterfaceOrientationLandscapeRight";
				INFOPLIST_KEY_UISupportedInterfaceOrientations_iPhone = "UIInterfaceOrientationPortrait UIInterfaceOrientationLandscapeLeft UIInterfaceOrientationLandscapeRight";
				IPHONEOS_DEPLOYMENT_TARGET = 11.0;
				LD_RUNPATH_SEARCH_PATHS = (
					"$(inherited)",
					"@executable_path/Frameworks",
				);
				MARKETING_VERSION = 1.0;
				PRODUCT_BUNDLE_IDENTIFIER = "com.personal.Swift-Base";
				PRODUCT_NAME = "$(TARGET_NAME)";
				SUPPORTED_PLATFORMS = "iphoneos iphonesimulator";
				SUPPORTS_MACCATALYST = NO;
				SUPPORTS_MAC_DESIGNED_FOR_IPHONE_IPAD = NO;
				SWIFT_EMIT_LOC_STRINGS = YES;
				SWIFT_OBJC_BRIDGING_HEADER = "Swift_Base/SRC/Swift_Base-Bridging-Header.h";
				SWIFT_VERSION = 5.0;
				TARGETED_DEVICE_FAMILY = 1;
			};
			name = Release;
		};
		C6C5CE9F2A745BD400C5CF02 /* Debug */ = {
			isa = XCBuildConfiguration;
			buildSettings = {
				ALWAYS_EMBED_SWIFT_STANDARD_LIBRARIES = YES;
				BUNDLE_LOADER = "$(TEST_HOST)";
				CODE_SIGN_STYLE = Automatic;
				CURRENT_PROJECT_VERSION = 1;
				DEVELOPMENT_TEAM = 84H28UW6TN;
				GENERATE_INFOPLIST_FILE = YES;
				IPHONEOS_DEPLOYMENT_TARGET = 16.0;
				MARKETING_VERSION = 1.0;
				PRODUCT_BUNDLE_IDENTIFIER = "com.personal.Swift-BaseTests";
				PRODUCT_NAME = "$(TARGET_NAME)";
				SWIFT_EMIT_LOC_STRINGS = NO;
				SWIFT_VERSION = 5.0;
				TARGETED_DEVICE_FAMILY = "1,2";
				TEST_HOST = "$(BUILT_PRODUCTS_DIR)/Swift_Base.app/$(BUNDLE_EXECUTABLE_FOLDER_PATH)/Swift_Base";
			};
			name = Debug;
		};
		C6C5CEA02A745BD400C5CF02 /* Release */ = {
			isa = XCBuildConfiguration;
			buildSettings = {
				ALWAYS_EMBED_SWIFT_STANDARD_LIBRARIES = YES;
				BUNDLE_LOADER = "$(TEST_HOST)";
				CODE_SIGN_STYLE = Automatic;
				CURRENT_PROJECT_VERSION = 1;
				DEVELOPMENT_TEAM = 84H28UW6TN;
				GENERATE_INFOPLIST_FILE = YES;
				IPHONEOS_DEPLOYMENT_TARGET = 16.0;
				MARKETING_VERSION = 1.0;
				PRODUCT_BUNDLE_IDENTIFIER = "com.personal.Swift-BaseTests";
				PRODUCT_NAME = "$(TARGET_NAME)";
				SWIFT_EMIT_LOC_STRINGS = NO;
				SWIFT_VERSION = 5.0;
				TARGETED_DEVICE_FAMILY = "1,2";
				TEST_HOST = "$(BUILT_PRODUCTS_DIR)/Swift_Base.app/$(BUNDLE_EXECUTABLE_FOLDER_PATH)/Swift_Base";
			};
			name = Release;
		};
		C6C5CEA22A745BD400C5CF02 /* Debug */ = {
			isa = XCBuildConfiguration;
			buildSettings = {
				ALWAYS_EMBED_SWIFT_STANDARD_LIBRARIES = YES;
				CODE_SIGN_STYLE = Automatic;
				CURRENT_PROJECT_VERSION = 1;
				DEVELOPMENT_TEAM = 84H28UW6TN;
				GENERATE_INFOPLIST_FILE = YES;
				MARKETING_VERSION = 1.0;
				PRODUCT_BUNDLE_IDENTIFIER = "com.personal.Swift-BaseUITests";
				PRODUCT_NAME = "$(TARGET_NAME)";
				SWIFT_EMIT_LOC_STRINGS = NO;
				SWIFT_VERSION = 5.0;
				TARGETED_DEVICE_FAMILY = "1,2";
				TEST_TARGET_NAME = Swift_Base;
			};
			name = Debug;
		};
		C6C5CEA32A745BD400C5CF02 /* Release */ = {
			isa = XCBuildConfiguration;
			buildSettings = {
				ALWAYS_EMBED_SWIFT_STANDARD_LIBRARIES = YES;
				CODE_SIGN_STYLE = Automatic;
				CURRENT_PROJECT_VERSION = 1;
				DEVELOPMENT_TEAM = 84H28UW6TN;
				GENERATE_INFOPLIST_FILE = YES;
				MARKETING_VERSION = 1.0;
				PRODUCT_BUNDLE_IDENTIFIER = "com.personal.Swift-BaseUITests";
				PRODUCT_NAME = "$(TARGET_NAME)";
				SWIFT_EMIT_LOC_STRINGS = NO;
				SWIFT_VERSION = 5.0;
				TARGETED_DEVICE_FAMILY = "1,2";
				TEST_TARGET_NAME = Swift_Base;
			};
			name = Release;
		};
/* End XCBuildConfiguration section */

/* Begin XCConfigurationList section */
		C6C5CE6C2A745BD300C5CF02 /* Build configuration list for PBXProject "Swift_Base" */ = {
			isa = XCConfigurationList;
			buildConfigurations = (
				C6C5CE992A745BD400C5CF02 /* Debug */,
				C6C5CE9A2A745BD400C5CF02 /* Release */,
			);
			defaultConfigurationIsVisible = 0;
			defaultConfigurationName = Release;
		};
		C6C5CE9B2A745BD400C5CF02 /* Build configuration list for PBXNativeTarget "Swift_Base" */ = {
			isa = XCConfigurationList;
			buildConfigurations = (
				C6C5CE9C2A745BD400C5CF02 /* Debug */,
				C6C5CE9D2A745BD400C5CF02 /* Release */,
			);
			defaultConfigurationIsVisible = 0;
			defaultConfigurationName = Release;
		};
		C6C5CE9E2A745BD400C5CF02 /* Build configuration list for PBXNativeTarget "Swift_BaseTests" */ = {
			isa = XCConfigurationList;
			buildConfigurations = (
				C6C5CE9F2A745BD400C5CF02 /* Debug */,
				C6C5CEA02A745BD400C5CF02 /* Release */,
			);
			defaultConfigurationIsVisible = 0;
			defaultConfigurationName = Release;
		};
		C6C5CEA12A745BD400C5CF02 /* Build configuration list for PBXNativeTarget "Swift_BaseUITests" */ = {
			isa = XCConfigurationList;
			buildConfigurations = (
				C6C5CEA22A745BD400C5CF02 /* Debug */,
				C6C5CEA32A745BD400C5CF02 /* Release */,
			);
			defaultConfigurationIsVisible = 0;
			defaultConfigurationName = Release;
		};
/* End XCConfigurationList section */
	};
	rootObject = C6C5CE692A745BD300C5CF02 /* Project object */;
}
